// !$*UTF8*$!
{
	archiveVersion = 1;
	classes = {
	};
	objectVersion = 50;
	objects = {

/* Begin PBXBuildFile section */
		53206A7C26E39AE900CA3F7C /* BOJ_1920(Binary).swift in Sources */ = {isa = PBXBuildFile; fileRef = 53206A7B26E39AE900CA3F7C /* BOJ_1920(Binary).swift */; };
		53206A8326E3A03100CA3F7C /* BOJ_10816(Binary).swift in Sources */ = {isa = PBXBuildFile; fileRef = 53206A8226E3A03100CA3F7C /* BOJ_10816(Binary).swift */; };
		53529E8F26E436E400CFA833 /* BOJ_4375(Math).swift in Sources */ = {isa = PBXBuildFile; fileRef = 53529E8E26E436E400CFA833 /* BOJ_4375(Math).swift */; };
		53529E9126E4460E00CFA833 /* BOJ_17427(Math).swift in Sources */ = {isa = PBXBuildFile; fileRef = 53529E9026E4460E00CFA833 /* BOJ_17427(Math).swift */; };
		53529E9326E4669B00CFA833 /* BOJ_17425(Math).swift in Sources */ = {isa = PBXBuildFile; fileRef = 53529E9226E4669B00CFA833 /* BOJ_17425(Math).swift */; };
		53529E9526E46D2300CFA833 /* BOJ_2609(Math).swift in Sources */ = {isa = PBXBuildFile; fileRef = 53529E9426E46D2300CFA833 /* BOJ_2609(Math).swift */; };
/* End PBXBuildFile section */

/* Begin PBXCopyFilesBuildPhase section */
		53206A7626E39AE900CA3F7C /* CopyFiles */ = {
			isa = PBXCopyFilesBuildPhase;
			buildActionMask = 2147483647;
			dstPath = /usr/share/man/man1/;
			dstSubfolderSpec = 0;
			files = (
			);
			runOnlyForDeploymentPostprocessing = 1;
		};
/* End PBXCopyFilesBuildPhase section */

/* Begin PBXFileReference section */
		53206A7826E39AE900CA3F7C /* Review */ = {isa = PBXFileReference; explicitFileType = "compiled.mach-o.executable"; includeInIndex = 0; path = Review; sourceTree = BUILT_PRODUCTS_DIR; };
		53206A7B26E39AE900CA3F7C /* BOJ_1920(Binary).swift */ = {isa = PBXFileReference; lastKnownFileType = sourcecode.swift; path = "BOJ_1920(Binary).swift"; sourceTree = "<group>"; };
		53206A8226E3A03100CA3F7C /* BOJ_10816(Binary).swift */ = {isa = PBXFileReference; lastKnownFileType = sourcecode.swift; path = "BOJ_10816(Binary).swift"; sourceTree = "<group>"; };
		53529E8E26E436E400CFA833 /* BOJ_4375(Math).swift */ = {isa = PBXFileReference; lastKnownFileType = sourcecode.swift; path = "BOJ_4375(Math).swift"; sourceTree = "<group>"; };
		53529E9026E4460E00CFA833 /* BOJ_17427(Math).swift */ = {isa = PBXFileReference; lastKnownFileType = sourcecode.swift; path = "BOJ_17427(Math).swift"; sourceTree = "<group>"; };
		53529E9226E4669B00CFA833 /* BOJ_17425(Math).swift */ = {isa = PBXFileReference; lastKnownFileType = sourcecode.swift; path = "BOJ_17425(Math).swift"; sourceTree = "<group>"; };
		53529E9426E46D2300CFA833 /* BOJ_2609(Math).swift */ = {isa = PBXFileReference; lastKnownFileType = sourcecode.swift; path = "BOJ_2609(Math).swift"; sourceTree = "<group>"; };
/* End PBXFileReference section */

/* Begin PBXFrameworksBuildPhase section */
		53206A7526E39AE900CA3F7C /* Frameworks */ = {
			isa = PBXFrameworksBuildPhase;
			buildActionMask = 2147483647;
			files = (
			);
			runOnlyForDeploymentPostprocessing = 0;
		};
/* End PBXFrameworksBuildPhase section */

/* Begin PBXGroup section */
		53206A6F26E39AE900CA3F7C = {
			isa = PBXGroup;
			children = (
				53206A7A26E39AE900CA3F7C /* Review */,
				53206A7926E39AE900CA3F7C /* Products */,
			);
			sourceTree = "<group>";
		};
		53206A7926E39AE900CA3F7C /* Products */ = {
			isa = PBXGroup;
			children = (
				53206A7826E39AE900CA3F7C /* Review */,
			);
			name = Products;
			sourceTree = "<group>";
		};
		53206A7A26E39AE900CA3F7C /* Review */ = {
			isa = PBXGroup;
			children = (
				53206A7B26E39AE900CA3F7C /* BOJ_1920(Binary).swift */,
				53206A8226E3A03100CA3F7C /* BOJ_10816(Binary).swift */,
				53529E8E26E436E400CFA833 /* BOJ_4375(Math).swift */,
				53529E9026E4460E00CFA833 /* BOJ_17427(Math).swift */,
				53529E9226E4669B00CFA833 /* BOJ_17425(Math).swift */,
				53529E9426E46D2300CFA833 /* BOJ_2609(Math).swift */,
			);
			path = Review;
			sourceTree = "<group>";
		};
/* End PBXGroup section */

/* Begin PBXNativeTarget section */
		53206A7726E39AE900CA3F7C /* Review */ = {
			isa = PBXNativeTarget;
			buildConfigurationList = 53206A7F26E39AE900CA3F7C /* Build configuration list for PBXNativeTarget "Review" */;
			buildPhases = (
				53206A7426E39AE900CA3F7C /* Sources */,
				53206A7526E39AE900CA3F7C /* Frameworks */,
				53206A7626E39AE900CA3F7C /* CopyFiles */,
			);
			buildRules = (
			);
			dependencies = (
			);
			name = Review;
			productName = Review;
			productReference = 53206A7826E39AE900CA3F7C /* Review */;
			productType = "com.apple.product-type.tool";
		};
/* End PBXNativeTarget section */

/* Begin PBXProject section */
		53206A7026E39AE900CA3F7C /* Project object */ = {
			isa = PBXProject;
			attributes = {
				LastSwiftUpdateCheck = 1250;
				LastUpgradeCheck = 1250;
				TargetAttributes = {
					53206A7726E39AE900CA3F7C = {
						CreatedOnToolsVersion = 12.5.1;
					};
				};
			};
			buildConfigurationList = 53206A7326E39AE900CA3F7C /* Build configuration list for PBXProject "Review" */;
			compatibilityVersion = "Xcode 9.3";
			developmentRegion = en;
			hasScannedForEncodings = 0;
			knownRegions = (
				en,
				Base,
			);
			mainGroup = 53206A6F26E39AE900CA3F7C;
			productRefGroup = 53206A7926E39AE900CA3F7C /* Products */;
			projectDirPath = "";
			projectRoot = "";
			targets = (
				53206A7726E39AE900CA3F7C /* Review */,
			);
		};
/* End PBXProject section */

/* Begin PBXSourcesBuildPhase section */
		53206A7426E39AE900CA3F7C /* Sources */ = {
			isa = PBXSourcesBuildPhase;
			buildActionMask = 2147483647;
			files = (
				53206A8326E3A03100CA3F7C /* BOJ_10816(Binary).swift in Sources */,
				53529E9326E4669B00CFA833 /* BOJ_17425(Math).swift in Sources */,
				53529E9526E46D2300CFA833 /* BOJ_2609(Math).swift in Sources */,
				53206A7C26E39AE900CA3F7C /* BOJ_1920(Binary).swift in Sources */,
				53529E9126E4460E00CFA833 /* BOJ_17427(Math).swift in Sources */,
				53529E8F26E436E400CFA833 /* BOJ_4375(Math).swift in Sources */,
			);
			runOnlyForDeploymentPostprocessing = 0;
		};
/* End PBXSourcesBuildPhase section */

/* Begin XCBuildConfiguration section */
		53206A7D26E39AE900CA3F7C /* Debug */ = {
			isa = XCBuildConfiguration;
			buildSettings = {
				ALWAYS_SEARCH_USER_PATHS = NO;
				CLANG_ANALYZER_NONNULL = YES;
				CLANG_ANALYZER_NUMBER_OBJECT_CONVERSION = YES_AGGRESSIVE;
				CLANG_CXX_LANGUAGE_STANDARD = "gnu++14";
				CLANG_CXX_LIBRARY = "libc++";
				CLANG_ENABLE_MODULES = YES;
				CLANG_ENABLE_OBJC_ARC = YES;
				CLANG_ENABLE_OBJC_WEAK = YES;
				CLANG_WARN_BLOCK_CAPTURE_AUTORELEASING = YES;
				CLANG_WARN_BOOL_CONVERSION = YES;
				CLANG_WARN_COMMA = YES;
				CLANG_WARN_CONSTANT_CONVERSION = YES;
				CLANG_WARN_DEPRECATED_OBJC_IMPLEMENTATIONS = YES;
				CLANG_WARN_DIRECT_OBJC_ISA_USAGE = YES_ERROR;
				CLANG_WARN_DOCUMENTATION_COMMENTS = YES;
				CLANG_WARN_EMPTY_BODY = YES;
				CLANG_WARN_ENUM_CONVERSION = YES;
				CLANG_WARN_INFINITE_RECURSION = YES;
				CLANG_WARN_INT_CONVERSION = YES;
				CLANG_WARN_NON_LITERAL_NULL_CONVERSION = YES;
				CLANG_WARN_OBJC_IMPLICIT_RETAIN_SELF = YES;
				CLANG_WARN_OBJC_LITERAL_CONVERSION = YES;
				CLANG_WARN_OBJC_ROOT_CLASS = YES_ERROR;
				CLANG_WARN_QUOTED_INCLUDE_IN_FRAMEWORK_HEADER = YES;
				CLANG_WARN_RANGE_LOOP_ANALYSIS = YES;
				CLANG_WARN_STRICT_PROTOTYPES = YES;
				CLANG_WARN_SUSPICIOUS_MOVE = YES;
				CLANG_WARN_UNGUARDED_AVAILABILITY = YES_AGGRESSIVE;
				CLANG_WARN_UNREACHABLE_CODE = YES;
				CLANG_WARN__DUPLICATE_METHOD_MATCH = YES;
				COPY_PHASE_STRIP = NO;
				DEBUG_INFORMATION_FORMAT = dwarf;
				ENABLE_STRICT_OBJC_MSGSEND = YES;
				ENABLE_TESTABILITY = YES;
				GCC_C_LANGUAGE_STANDARD = gnu11;
				GCC_DYNAMIC_NO_PIC = NO;
				GCC_NO_COMMON_BLOCKS = YES;
				GCC_OPTIMIZATION_LEVEL = 0;
				GCC_PREPROCESSOR_DEFINITIONS = (
					"DEBUG=1",
					"$(inherited)",
				);
				GCC_WARN_64_TO_32_BIT_CONVERSION = YES;
				GCC_WARN_ABOUT_RETURN_TYPE = YES_ERROR;
				GCC_WARN_UNDECLARED_SELECTOR = YES;
				GCC_WARN_UNINITIALIZED_AUTOS = YES_AGGRESSIVE;
				GCC_WARN_UNUSED_FUNCTION = YES;
				GCC_WARN_UNUSED_VARIABLE = YES;
				MACOSX_DEPLOYMENT_TARGET = 11.3;
				MTL_ENABLE_DEBUG_INFO = INCLUDE_SOURCE;
				MTL_FAST_MATH = YES;
				ONLY_ACTIVE_ARCH = YES;
				SDKROOT = macosx;
				SWIFT_ACTIVE_COMPILATION_CONDITIONS = DEBUG;
				SWIFT_OPTIMIZATION_LEVEL = "-Onone";
			};
			name = Debug;
		};
		53206A7E26E39AE900CA3F7C /* Release */ = {
			isa = XCBuildConfiguration;
			buildSettings = {
				ALWAYS_SEARCH_USER_PATHS = NO;
				CLANG_ANALYZER_NONNULL = YES;
				CLANG_ANALYZER_NUMBER_OBJECT_CONVERSION = YES_AGGRESSIVE;
				CLANG_CXX_LANGUAGE_STANDARD = "gnu++14";
				CLANG_CXX_LIBRARY = "libc++";
				CLANG_ENABLE_MODULES = YES;
				CLANG_ENABLE_OBJC_ARC = YES;
				CLANG_ENABLE_OBJC_WEAK = YES;
				CLANG_WARN_BLOCK_CAPTURE_AUTORELEASING = YES;
				CLANG_WARN_BOOL_CONVERSION = YES;
				CLANG_WARN_COMMA = YES;
				CLANG_WARN_CONSTANT_CONVERSION = YES;
				CLANG_WARN_DEPRECATED_OBJC_IMPLEMENTATIONS = YES;
				CLANG_WARN_DIRECT_OBJC_ISA_USAGE = YES_ERROR;
				CLANG_WARN_DOCUMENTATION_COMMENTS = YES;
				CLANG_WARN_EMPTY_BODY = YES;
				CLANG_WARN_ENUM_CONVERSION = YES;
				CLANG_WARN_INFINITE_RECURSION = YES;
				CLANG_WARN_INT_CONVERSION = YES;
				CLANG_WARN_NON_LITERAL_NULL_CONVERSION = YES;
				CLANG_WARN_OBJC_IMPLICIT_RETAIN_SELF = YES;
				CLANG_WARN_OBJC_LITERAL_CONVERSION = YES;
				CLANG_WARN_OBJC_ROOT_CLASS = YES_ERROR;
				CLANG_WARN_QUOTED_INCLUDE_IN_FRAMEWORK_HEADER = YES;
				CLANG_WARN_RANGE_LOOP_ANALYSIS = YES;
				CLANG_WARN_STRICT_PROTOTYPES = YES;
				CLANG_WARN_SUSPICIOUS_MOVE = YES;
				CLANG_WARN_UNGUARDED_AVAILABILITY = YES_AGGRESSIVE;
				CLANG_WARN_UNREACHABLE_CODE = YES;
				CLANG_WARN__DUPLICATE_METHOD_MATCH = YES;
				COPY_PHASE_STRIP = NO;
				DEBUG_INFORMATION_FORMAT = "dwarf-with-dsym";
				ENABLE_NS_ASSERTIONS = NO;
				ENABLE_STRICT_OBJC_MSGSEND = YES;
				GCC_C_LANGUAGE_STANDARD = gnu11;
				GCC_NO_COMMON_BLOCKS = YES;
				GCC_WARN_64_TO_32_BIT_CONVERSION = YES;
				GCC_WARN_ABOUT_RETURN_TYPE = YES_ERROR;
				GCC_WARN_UNDECLARED_SELECTOR = YES;
				GCC_WARN_UNINITIALIZED_AUTOS = YES_AGGRESSIVE;
				GCC_WARN_UNUSED_FUNCTION = YES;
				GCC_WARN_UNUSED_VARIABLE = YES;
				MACOSX_DEPLOYMENT_TARGET = 11.3;
				MTL_ENABLE_DEBUG_INFO = NO;
				MTL_FAST_MATH = YES;
				SDKROOT = macosx;
				SWIFT_COMPILATION_MODE = wholemodule;
				SWIFT_OPTIMIZATION_LEVEL = "-O";
			};
			name = Release;
		};
		53206A8026E39AE900CA3F7C /* Debug */ = {
			isa = XCBuildConfiguration;
			buildSettings = {
				CODE_SIGN_STYLE = Automatic;
				DEVELOPMENT_TEAM = 5UYBRX8UM9;
				ENABLE_HARDENED_RUNTIME = YES;
				PRODUCT_NAME = "$(TARGET_NAME)";
				SWIFT_VERSION = 5.0;
			};
			name = Debug;
		};
		53206A8126E39AE900CA3F7C /* Release */ = {
			isa = XCBuildConfiguration;
			buildSettings = {
				CODE_SIGN_STYLE = Automatic;
				DEVELOPMENT_TEAM = 5UYBRX8UM9;
				ENABLE_HARDENED_RUNTIME = YES;
				PRODUCT_NAME = "$(TARGET_NAME)";
				SWIFT_VERSION = 5.0;
			};
			name = Release;
		};
/* End XCBuildConfiguration section */

/* Begin XCConfigurationList section */
		53206A7326E39AE900CA3F7C /* Build configuration list for PBXProject "Review" */ = {
			isa = XCConfigurationList;
			buildConfigurations = (
				53206A7D26E39AE900CA3F7C /* Debug */,
				53206A7E26E39AE900CA3F7C /* Release */,
			);
			defaultConfigurationIsVisible = 0;
			defaultConfigurationName = Release;
		};
		53206A7F26E39AE900CA3F7C /* Build configuration list for PBXNativeTarget "Review" */ = {
			isa = XCConfigurationList;
			buildConfigurations = (
				53206A8026E39AE900CA3F7C /* Debug */,
				53206A8126E39AE900CA3F7C /* Release */,
			);
			defaultConfigurationIsVisible = 0;
			defaultConfigurationName = Release;
		};
/* End XCConfigurationList section */
	};
	rootObject = 53206A7026E39AE900CA3F7C /* Project object */;
}
