// !$*UTF8*$!
{
	archiveVersion = 1;
	classes = {
	};
	objectVersion = 55;
	objects = {

/* Begin PBXBuildFile section */
		53B1501427C48015004B3B64 /* 위장(해시).swift in Sources */ = {isa = PBXBuildFile; fileRef = 53B1501327C48015004B3B64 /* 위장(해시).swift */; };
		53B1501E27C4804A004B3B64 /* 신고결과받기(Dictionary).swift in Sources */ = {isa = PBXBuildFile; fileRef = 53B1501B27C48049004B3B64 /* 신고결과받기(Dictionary).swift */; };
		53B1501F27C4804A004B3B64 /* 양궁대회(DFS).swift in Sources */ = {isa = PBXBuildFile; fileRef = 53B1501C27C48049004B3B64 /* 양궁대회(DFS).swift */; };
		53B1502027C4804A004B3B64 /* 주차 요금 계산(구현).swift in Sources */ = {isa = PBXBuildFile; fileRef = 53B1501D27C4804A004B3B64 /* 주차 요금 계산(구현).swift */; };
		53B1502727C480A4004B3B64 /* 영어끝말잇기(LV2)(문자열).swift in Sources */ = {isa = PBXBuildFile; fileRef = 53B1502227C480A3004B3B64 /* 영어끝말잇기(LV2)(문자열).swift */; };
		53B1502827C480A4004B3B64 /* 스킬트리(LV2)(문자열).swift in Sources */ = {isa = PBXBuildFile; fileRef = 53B1502327C480A3004B3B64 /* 스킬트리(LV2)(문자열).swift */; };
		53B1502927C480A4004B3B64 /* 예산(LV1)(정렬).swift in Sources */ = {isa = PBXBuildFile; fileRef = 53B1502427C480A3004B3B64 /* 예산(LV1)(정렬).swift */; };
		53B1502A27C480A4004B3B64 /* 배달(LV2)(DFS).swift in Sources */ = {isa = PBXBuildFile; fileRef = 53B1502527C480A4004B3B64 /* 배달(LV2)(DFS).swift */; };
		53B1502B27C480A4004B3B64 /* 소수 만들기(LV1).swift in Sources */ = {isa = PBXBuildFile; fileRef = 53B1502627C480A4004B3B64 /* 소수 만들기(LV1).swift */; };
/* End PBXBuildFile section */

/* Begin PBXCopyFilesBuildPhase section */
		53B1500E27C48015004B3B64 /* CopyFiles */ = {
			isa = PBXCopyFilesBuildPhase;
			buildActionMask = 2147483647;
			dstPath = /usr/share/man/man1/;
			dstSubfolderSpec = 0;
			files = (
			);
			runOnlyForDeploymentPostprocessing = 1;
		};
/* End PBXCopyFilesBuildPhase section */

/* Begin PBXFileReference section */
		53B1501027C48015004B3B64 /* Programmers */ = {isa = PBXFileReference; explicitFileType = "compiled.mach-o.executable"; includeInIndex = 0; path = Programmers; sourceTree = BUILT_PRODUCTS_DIR; };
		53B1501327C48015004B3B64 /* 위장(해시).swift */ = {isa = PBXFileReference; lastKnownFileType = sourcecode.swift; path = "위장(해시).swift"; sourceTree = "<group>"; };
		53B1501B27C48049004B3B64 /* 신고결과받기(Dictionary).swift */ = {isa = PBXFileReference; fileEncoding = 4; lastKnownFileType = sourcecode.swift; path = "신고결과받기(Dictionary).swift"; sourceTree = "<group>"; };
		53B1501C27C48049004B3B64 /* 양궁대회(DFS).swift */ = {isa = PBXFileReference; fileEncoding = 4; lastKnownFileType = sourcecode.swift; path = "양궁대회(DFS).swift"; sourceTree = "<group>"; };
		53B1501D27C4804A004B3B64 /* 주차 요금 계산(구현).swift */ = {isa = PBXFileReference; fileEncoding = 4; lastKnownFileType = sourcecode.swift; path = "주차 요금 계산(구현).swift"; sourceTree = "<group>"; };
		53B1502227C480A3004B3B64 /* 영어끝말잇기(LV2)(문자열).swift */ = {isa = PBXFileReference; fileEncoding = 4; lastKnownFileType = sourcecode.swift; path = "영어끝말잇기(LV2)(문자열).swift"; sourceTree = "<group>"; };
		53B1502327C480A3004B3B64 /* 스킬트리(LV2)(문자열).swift */ = {isa = PBXFileReference; fileEncoding = 4; lastKnownFileType = sourcecode.swift; path = "스킬트리(LV2)(문자열).swift"; sourceTree = "<group>"; };
		53B1502427C480A3004B3B64 /* 예산(LV1)(정렬).swift */ = {isa = PBXFileReference; fileEncoding = 4; lastKnownFileType = sourcecode.swift; path = "예산(LV1)(정렬).swift"; sourceTree = "<group>"; };
		53B1502527C480A4004B3B64 /* 배달(LV2)(DFS).swift */ = {isa = PBXFileReference; fileEncoding = 4; lastKnownFileType = sourcecode.swift; path = "배달(LV2)(DFS).swift"; sourceTree = "<group>"; };
		53B1502627C480A4004B3B64 /* 소수 만들기(LV1).swift */ = {isa = PBXFileReference; fileEncoding = 4; lastKnownFileType = sourcecode.swift; path = "소수 만들기(LV1).swift"; sourceTree = "<group>"; };
/* End PBXFileReference section */

/* Begin PBXFrameworksBuildPhase section */
		53B1500D27C48015004B3B64 /* Frameworks */ = {
			isa = PBXFrameworksBuildPhase;
			buildActionMask = 2147483647;
			files = (
			);
			runOnlyForDeploymentPostprocessing = 0;
		};
/* End PBXFrameworksBuildPhase section */

/* Begin PBXGroup section */
		53B1500727C48015004B3B64 = {
			isa = PBXGroup;
			children = (
				53B1502127C4808C004B3B64 /* 문제풀이 */,
				53B1501A27C48022004B3B64 /* 카카오 */,
				53B1501227C48015004B3B64 /* 고득점Kit */,
				53B1501127C48015004B3B64 /* Products */,
			);
			sourceTree = "<group>";
		};
		53B1501127C48015004B3B64 /* Products */ = {
			isa = PBXGroup;
			children = (
				53B1501027C48015004B3B64 /* Programmers */,
			);
			name = Products;
			sourceTree = "<group>";
		};
		53B1501227C48015004B3B64 /* 고득점Kit */ = {
			isa = PBXGroup;
			children = (
				53B1501327C48015004B3B64 /* 위장(해시).swift */,
			);
			name = "고득점Kit";
			path = "고득점Kit";
			sourceTree = "<group>";
		};
		53B1501A27C48022004B3B64 /* 카카오 */ = {
			isa = PBXGroup;
			children = (
				53B1501B27C48049004B3B64 /* 신고결과받기(Dictionary).swift */,
				53B1501C27C48049004B3B64 /* 양궁대회(DFS).swift */,
				53B1501D27C4804A004B3B64 /* 주차 요금 계산(구현).swift */,
			);
			name = "카카오";
			path = "카카오";
			sourceTree = "<group>";
		};
		53B1502127C4808C004B3B64 /* 문제풀이 */ = {
			isa = PBXGroup;
			children = (
				53B1502527C480A4004B3B64 /* 배달(LV2)(DFS).swift */,
				53B1502627C480A4004B3B64 /* 소수 만들기(LV1).swift */,
				53B1502327C480A3004B3B64 /* 스킬트리(LV2)(문자열).swift */,
				53B1502227C480A3004B3B64 /* 영어끝말잇기(LV2)(문자열).swift */,
				53B1502427C480A3004B3B64 /* 예산(LV1)(정렬).swift */,
			);
			name = "문제풀이";
			path = "문제풀이";
			sourceTree = "<group>";
		};
/* End PBXGroup section */

/* Begin PBXNativeTarget section */
		53B1500F27C48015004B3B64 /* Programmers */ = {
			isa = PBXNativeTarget;
			buildConfigurationList = 53B1501727C48015004B3B64 /* Build configuration list for PBXNativeTarget "Programmers" */;
			buildPhases = (
				53B1500C27C48015004B3B64 /* Sources */,
				53B1500D27C48015004B3B64 /* Frameworks */,
				53B1500E27C48015004B3B64 /* CopyFiles */,
			);
			buildRules = (
			);
			dependencies = (
			);
			name = Programmers;
			productName = Programmers;
			productReference = 53B1501027C48015004B3B64 /* Programmers */;
			productType = "com.apple.product-type.tool";
		};
/* End PBXNativeTarget section */

/* Begin PBXProject section */
		53B1500827C48015004B3B64 /* Project object */ = {
			isa = PBXProject;
			attributes = {
				BuildIndependentTargetsInParallel = 1;
				LastSwiftUpdateCheck = 1320;
				LastUpgradeCheck = 1320;
				TargetAttributes = {
					53B1500F27C48015004B3B64 = {
						CreatedOnToolsVersion = 13.2.1;
					};
				};
			};
			buildConfigurationList = 53B1500B27C48015004B3B64 /* Build configuration list for PBXProject "Programmers" */;
			compatibilityVersion = "Xcode 13.0";
			developmentRegion = en;
			hasScannedForEncodings = 0;
			knownRegions = (
				en,
				Base,
			);
			mainGroup = 53B1500727C48015004B3B64;
			productRefGroup = 53B1501127C48015004B3B64 /* Products */;
			projectDirPath = "";
			projectRoot = "";
			targets = (
				53B1500F27C48015004B3B64 /* Programmers */,
			);
		};
/* End PBXProject section */

/* Begin PBXSourcesBuildPhase section */
		53B1500C27C48015004B3B64 /* Sources */ = {
			isa = PBXSourcesBuildPhase;
			buildActionMask = 2147483647;
			files = (
				53B1501E27C4804A004B3B64 /* 신고결과받기(Dictionary).swift in Sources */,
				53B1501427C48015004B3B64 /* 위장(해시).swift in Sources */,
				53B1502B27C480A4004B3B64 /* 소수 만들기(LV1).swift in Sources */,
				53B1501F27C4804A004B3B64 /* 양궁대회(DFS).swift in Sources */,
				53B1502727C480A4004B3B64 /* 영어끝말잇기(LV2)(문자열).swift in Sources */,
				53B1502827C480A4004B3B64 /* 스킬트리(LV2)(문자열).swift in Sources */,
				53B1502927C480A4004B3B64 /* 예산(LV1)(정렬).swift in Sources */,
				53B1502027C4804A004B3B64 /* 주차 요금 계산(구현).swift in Sources */,
				53B1502A27C480A4004B3B64 /* 배달(LV2)(DFS).swift in Sources */,
			);
			runOnlyForDeploymentPostprocessing = 0;
		};
/* End PBXSourcesBuildPhase section */

/* Begin XCBuildConfiguration section */
		53B1501527C48015004B3B64 /* Debug */ = {
			isa = XCBuildConfiguration;
			buildSettings = {
				ALWAYS_SEARCH_USER_PATHS = NO;
				CLANG_ANALYZER_NONNULL = YES;
				CLANG_ANALYZER_NUMBER_OBJECT_CONVERSION = YES_AGGRESSIVE;
				CLANG_CXX_LANGUAGE_STANDARD = "gnu++17";
				CLANG_CXX_LIBRARY = "libc++";
				CLANG_ENABLE_MODULES = YES;
				CLANG_ENABLE_OBJC_ARC = YES;
				CLANG_ENABLE_OBJC_WEAK = YES;
				CLANG_WARN_BLOCK_CAPTURE_AUTORELEASING = YES;
				CLANG_WARN_BOOL_CONVERSION = YES;
				CLANG_WARN_COMMA = YES;
				CLANG_WARN_CONSTANT_CONVERSION = YES;
				CLANG_WARN_DEPRECATED_OBJC_IMPLEMENTATIONS = YES;
				CLANG_WARN_DIRECT_OBJC_ISA_USAGE = YES_ERROR;
				CLANG_WARN_DOCUMENTATION_COMMENTS = YES;
				CLANG_WARN_EMPTY_BODY = YES;
				CLANG_WARN_ENUM_CONVERSION = YES;
				CLANG_WARN_INFINITE_RECURSION = YES;
				CLANG_WARN_INT_CONVERSION = YES;
				CLANG_WARN_NON_LITERAL_NULL_CONVERSION = YES;
				CLANG_WARN_OBJC_IMPLICIT_RETAIN_SELF = YES;
				CLANG_WARN_OBJC_LITERAL_CONVERSION = YES;
				CLANG_WARN_OBJC_ROOT_CLASS = YES_ERROR;
				CLANG_WARN_QUOTED_INCLUDE_IN_FRAMEWORK_HEADER = YES;
				CLANG_WARN_RANGE_LOOP_ANALYSIS = YES;
				CLANG_WARN_STRICT_PROTOTYPES = YES;
				CLANG_WARN_SUSPICIOUS_MOVE = YES;
				CLANG_WARN_UNGUARDED_AVAILABILITY = YES_AGGRESSIVE;
				CLANG_WARN_UNREACHABLE_CODE = YES;
				CLANG_WARN__DUPLICATE_METHOD_MATCH = YES;
				COPY_PHASE_STRIP = NO;
				DEBUG_INFORMATION_FORMAT = dwarf;
				ENABLE_STRICT_OBJC_MSGSEND = YES;
				ENABLE_TESTABILITY = YES;
				GCC_C_LANGUAGE_STANDARD = gnu11;
				GCC_DYNAMIC_NO_PIC = NO;
				GCC_NO_COMMON_BLOCKS = YES;
				GCC_OPTIMIZATION_LEVEL = 0;
				GCC_PREPROCESSOR_DEFINITIONS = (
					"DEBUG=1",
					"$(inherited)",
				);
				GCC_WARN_64_TO_32_BIT_CONVERSION = YES;
				GCC_WARN_ABOUT_RETURN_TYPE = YES_ERROR;
				GCC_WARN_UNDECLARED_SELECTOR = YES;
				GCC_WARN_UNINITIALIZED_AUTOS = YES_AGGRESSIVE;
				GCC_WARN_UNUSED_FUNCTION = YES;
				GCC_WARN_UNUSED_VARIABLE = YES;
				MACOSX_DEPLOYMENT_TARGET = 12.1;
				MTL_ENABLE_DEBUG_INFO = INCLUDE_SOURCE;
				MTL_FAST_MATH = YES;
				ONLY_ACTIVE_ARCH = YES;
				SDKROOT = macosx;
				SWIFT_ACTIVE_COMPILATION_CONDITIONS = DEBUG;
				SWIFT_OPTIMIZATION_LEVEL = "-Onone";
			};
			name = Debug;
		};
		53B1501627C48015004B3B64 /* Release */ = {
			isa = XCBuildConfiguration;
			buildSettings = {
				ALWAYS_SEARCH_USER_PATHS = NO;
				CLANG_ANALYZER_NONNULL = YES;
				CLANG_ANALYZER_NUMBER_OBJECT_CONVERSION = YES_AGGRESSIVE;
				CLANG_CXX_LANGUAGE_STANDARD = "gnu++17";
				CLANG_CXX_LIBRARY = "libc++";
				CLANG_ENABLE_MODULES = YES;
				CLANG_ENABLE_OBJC_ARC = YES;
				CLANG_ENABLE_OBJC_WEAK = YES;
				CLANG_WARN_BLOCK_CAPTURE_AUTORELEASING = YES;
				CLANG_WARN_BOOL_CONVERSION = YES;
				CLANG_WARN_COMMA = YES;
				CLANG_WARN_CONSTANT_CONVERSION = YES;
				CLANG_WARN_DEPRECATED_OBJC_IMPLEMENTATIONS = YES;
				CLANG_WARN_DIRECT_OBJC_ISA_USAGE = YES_ERROR;
				CLANG_WARN_DOCUMENTATION_COMMENTS = YES;
				CLANG_WARN_EMPTY_BODY = YES;
				CLANG_WARN_ENUM_CONVERSION = YES;
				CLANG_WARN_INFINITE_RECURSION = YES;
				CLANG_WARN_INT_CONVERSION = YES;
				CLANG_WARN_NON_LITERAL_NULL_CONVERSION = YES;
				CLANG_WARN_OBJC_IMPLICIT_RETAIN_SELF = YES;
				CLANG_WARN_OBJC_LITERAL_CONVERSION = YES;
				CLANG_WARN_OBJC_ROOT_CLASS = YES_ERROR;
				CLANG_WARN_QUOTED_INCLUDE_IN_FRAMEWORK_HEADER = YES;
				CLANG_WARN_RANGE_LOOP_ANALYSIS = YES;
				CLANG_WARN_STRICT_PROTOTYPES = YES;
				CLANG_WARN_SUSPICIOUS_MOVE = YES;
				CLANG_WARN_UNGUARDED_AVAILABILITY = YES_AGGRESSIVE;
				CLANG_WARN_UNREACHABLE_CODE = YES;
				CLANG_WARN__DUPLICATE_METHOD_MATCH = YES;
				COPY_PHASE_STRIP = NO;
				DEBUG_INFORMATION_FORMAT = "dwarf-with-dsym";
				ENABLE_NS_ASSERTIONS = NO;
				ENABLE_STRICT_OBJC_MSGSEND = YES;
				GCC_C_LANGUAGE_STANDARD = gnu11;
				GCC_NO_COMMON_BLOCKS = YES;
				GCC_WARN_64_TO_32_BIT_CONVERSION = YES;
				GCC_WARN_ABOUT_RETURN_TYPE = YES_ERROR;
				GCC_WARN_UNDECLARED_SELECTOR = YES;
				GCC_WARN_UNINITIALIZED_AUTOS = YES_AGGRESSIVE;
				GCC_WARN_UNUSED_FUNCTION = YES;
				GCC_WARN_UNUSED_VARIABLE = YES;
				MACOSX_DEPLOYMENT_TARGET = 12.1;
				MTL_ENABLE_DEBUG_INFO = NO;
				MTL_FAST_MATH = YES;
				SDKROOT = macosx;
				SWIFT_COMPILATION_MODE = wholemodule;
				SWIFT_OPTIMIZATION_LEVEL = "-O";
			};
			name = Release;
		};
		53B1501827C48015004B3B64 /* Debug */ = {
			isa = XCBuildConfiguration;
			buildSettings = {
				CODE_SIGN_STYLE = Automatic;
				DEVELOPMENT_TEAM = 5UYBRX8UM9;
				ENABLE_HARDENED_RUNTIME = YES;
				PRODUCT_NAME = "$(TARGET_NAME)";
				SWIFT_VERSION = 5.0;
			};
			name = Debug;
		};
		53B1501927C48015004B3B64 /* Release */ = {
			isa = XCBuildConfiguration;
			buildSettings = {
				CODE_SIGN_STYLE = Automatic;
				DEVELOPMENT_TEAM = 5UYBRX8UM9;
				ENABLE_HARDENED_RUNTIME = YES;
				PRODUCT_NAME = "$(TARGET_NAME)";
				SWIFT_VERSION = 5.0;
			};
			name = Release;
		};
/* End XCBuildConfiguration section */

/* Begin XCConfigurationList section */
		53B1500B27C48015004B3B64 /* Build configuration list for PBXProject "Programmers" */ = {
			isa = XCConfigurationList;
			buildConfigurations = (
				53B1501527C48015004B3B64 /* Debug */,
				53B1501627C48015004B3B64 /* Release */,
			);
			defaultConfigurationIsVisible = 0;
			defaultConfigurationName = Release;
		};
		53B1501727C48015004B3B64 /* Build configuration list for PBXNativeTarget "Programmers" */ = {
			isa = XCConfigurationList;
			buildConfigurations = (
				53B1501827C48015004B3B64 /* Debug */,
				53B1501927C48015004B3B64 /* Release */,
			);
			defaultConfigurationIsVisible = 0;
			defaultConfigurationName = Release;
		};
/* End XCConfigurationList section */
	};
	rootObject = 53B1500827C48015004B3B64 /* Project object */;
}
