// !$*UTF8*$!
{
	archiveVersion = 1;
	classes = {
	};
	objectVersion = 55;
	objects = {

/* Begin PBXBuildFile section */
		5301B70027901FCA00CC850F /* BOJ_16198(에너지 모으기).swift in Sources */ = {isa = PBXBuildFile; fileRef = 5301B6FF27901FCA00CC850F /* BOJ_16198(에너지 모으기).swift */; };
		5303201827EDC1FA00EBAF2A /* BOJ_16940(BFS스페셜저지).swift in Sources */ = {isa = PBXBuildFile; fileRef = 5303201727EDC1FA00EBAF2A /* BOJ_16940(BFS스페셜저지).swift */; };
		5303201A27EF0EE300EBAF2A /* BOJ_16964(DFS스페셜저지).swift in Sources */ = {isa = PBXBuildFile; fileRef = 5303201927EF0EE300EBAF2A /* BOJ_16964(DFS스페셜저지).swift */; };
		530F548927CCA351005B18A7 /* BOJ_11058(크리보드).swift in Sources */ = {isa = PBXBuildFile; fileRef = 530F548827CCA351005B18A7 /* BOJ_11058(크리보드).swift */; };
		5317796427E95C9800B0518C /* BOJ_19654(움직이는 미로 탈출).swift in Sources */ = {isa = PBXBuildFile; fileRef = 5317796327E95C9800B0518C /* BOJ_19654(움직이는 미로 탈출).swift */; };
		5326CEF6277D3B6900EBB651 /* BOJ_12886(돌그룹).swift in Sources */ = {isa = PBXBuildFile; fileRef = 5326CEF5277D3B6900EBB651 /* BOJ_12886(돌그룹).swift */; };
		5326CEF8277D560500EBB651 /* BOJ_16929(Two Dots).swift in Sources */ = {isa = PBXBuildFile; fileRef = 5326CEF7277D560500EBB651 /* BOJ_16929(Two Dots).swift */; };
		532BE2A427793935006D7D9A /* BOJ_15658(연산자 끼워넣기2).swift in Sources */ = {isa = PBXBuildFile; fileRef = 532BE2A327793935006D7D9A /* BOJ_15658(연산자 끼워넣기2).swift */; };
		532BE2A6277A93A1006D7D9A /* BOJ_2003(수들의 합2).swift in Sources */ = {isa = PBXBuildFile; fileRef = 532BE2A5277A93A1006D7D9A /* BOJ_2003(수들의 합2).swift */; };
		532BE2A8277A9817006D7D9A /* BOJ_12865(평범한배낭).swift in Sources */ = {isa = PBXBuildFile; fileRef = 532BE2A7277A9817006D7D9A /* BOJ_12865(평범한배낭).swift */; };
		533D9986279B96F50037BBDC /* BOJ_1963(소수 경로).swift in Sources */ = {isa = PBXBuildFile; fileRef = 533D9985279B96F50037BBDC /* BOJ_1963(소수 경로).swift */; };
		533EFB70280F940400AFB591 /* BOJ_14503(로봇청소기).swift in Sources */ = {isa = PBXBuildFile; fileRef = 533EFB6F280F940400AFB591 /* BOJ_14503(로봇청소기).swift */; };
		53540928278BE41E007B3F6B /* BOJ_14442(벽 부수고 이동하기2).swift.swift in Sources */ = {isa = PBXBuildFile; fileRef = 53540927278BE41E007B3F6B /* BOJ_14442(벽 부수고 이동하기2).swift.swift */; };
		5354092A278D0E78007B3F6B /* BOJ_1495(기타리스트).swift in Sources */ = {isa = PBXBuildFile; fileRef = 53540929278D0E78007B3F6B /* BOJ_1495(기타리스트).swift */; };
		5354092C278D25EC007B3F6B /* BOJ_14225(부분수열의합).swift in Sources */ = {isa = PBXBuildFile; fileRef = 5354092B278D25EC007B3F6B /* BOJ_14225(부분수열의합).swift */; };
		5354092E278E8637007B3F6B /* 보류(테트로미노).swift in Sources */ = {isa = PBXBuildFile; fileRef = 5354092D278E8637007B3F6B /* 보류(테트로미노).swift */; };
		5357E7522768476F008EB915 /* BOJ_16948(데스 나이트).swift in Sources */ = {isa = PBXBuildFile; fileRef = 5357E7512768476F008EB915 /* BOJ_16948(데스 나이트).swift */; };
		5362D8A627B2024400A6D50B /* BOJ_17142(연구소3).swift in Sources */ = {isa = PBXBuildFile; fileRef = 5362D8A527B2024400A6D50B /* BOJ_17142(연구소3).swift */; };
		5372427927B9220A00BCAF26 /* BOJ_2293(동전1).swift in Sources */ = {isa = PBXBuildFile; fileRef = 5372427827B9220A00BCAF26 /* BOJ_2293(동전1).swift */; };
		537AC7D327DEDE9700CCB9EC /* BOJ_16933(벽부수고이동하기3).swift in Sources */ = {isa = PBXBuildFile; fileRef = 537AC7D227DEDE9700CCB9EC /* BOJ_16933(벽부수고이동하기3).swift */; };
		537AC7D527DEF77800CCB9EC /* BOJ_5582(공통부분문자열).swift in Sources */ = {isa = PBXBuildFile; fileRef = 537AC7D427DEF77800CCB9EC /* BOJ_5582(공통부분문자열).swift */; };
		53862A76276AC8FF00C101AB /* BOJ_14502(연구소).swift in Sources */ = {isa = PBXBuildFile; fileRef = 53862A75276AC8FF00C101AB /* BOJ_14502(연구소).swift */; };
		53862A78276AEAD200C101AB /* BOJ_1339(단어 수학).swift in Sources */ = {isa = PBXBuildFile; fileRef = 53862A77276AEAD200C101AB /* BOJ_1339(단어 수학).swift */; };
		5388F25B27964D6800036F3E /* BOJ_16236(아기상어).swift in Sources */ = {isa = PBXBuildFile; fileRef = 5388F25A27964D6800036F3E /* BOJ_16236(아기상어).swift */; };
		538DEF3927E44CFD0061EBC3 /* BOJ_4991(로봇청소기).swift in Sources */ = {isa = PBXBuildFile; fileRef = 538DEF3827E44CFD0061EBC3 /* BOJ_4991(로봇청소기).swift */; };
		539146DD2766D7A4004F37F9 /* BOJ_1182(부분수열의 합).swift in Sources */ = {isa = PBXBuildFile; fileRef = 539146DC2766D7A4004F37F9 /* BOJ_1182(부분수열의 합).swift */; };
		539146E627670593004F37F9 /* BOJ_16928(뱀과 사다리 게임).swift in Sources */ = {isa = PBXBuildFile; fileRef = 539146E527670593004F37F9 /* BOJ_16928(뱀과 사다리 게임).swift */; };
		5391BA28278FB14B0052726D /* BOJ_16197(두 동전).swift in Sources */ = {isa = PBXBuildFile; fileRef = 5391BA27278FB14B0052726D /* BOJ_16197(두 동전).swift */; };
		53964A42279FBE910038931B /* BOJ_10026(적록색약).swift in Sources */ = {isa = PBXBuildFile; fileRef = 53964A41279FBE910038931B /* BOJ_10026(적록색약).swift */; };
		53964A4427A0DE950038931B /* BOJ_14395(4연산).swift in Sources */ = {isa = PBXBuildFile; fileRef = 53964A4327A0DE950038931B /* BOJ_14395(4연산).swift */; };
		53964A4627A24DDD0038931B /* BOJ_5014(스타트링크).swift in Sources */ = {isa = PBXBuildFile; fileRef = 53964A4527A24DDD0038931B /* BOJ_5014(스타트링크).swift */; };
		53964A4827A37F0A0038931B /* BOJ_17086(아기상어).swift in Sources */ = {isa = PBXBuildFile; fileRef = 53964A4727A37F0A0038931B /* BOJ_17086(아기상어).swift */; };
		53964A4C27AB9B080038931B /* BOJ_2234(성곽).swift in Sources */ = {isa = PBXBuildFile; fileRef = 53964A4B27AB9B080038931B /* BOJ_2234(성곽).swift */; };
		53964A4E27ACB41F0038931B /* BOJ_12906(새로운 하노이 탑).swift in Sources */ = {isa = PBXBuildFile; fileRef = 53964A4D27ACB41F0038931B /* BOJ_12906(새로운 하노이 탑).swift */; };
		53964A5027ACC7180038931B /* BOJ_2580(스도쿠).swift in Sources */ = {isa = PBXBuildFile; fileRef = 53964A4F27ACC7180038931B /* BOJ_2580(스도쿠).swift */; };
		53964A5227B0AC130038931B /* BOJ_17141(연구소2).swift in Sources */ = {isa = PBXBuildFile; fileRef = 53964A5127B0AC130038931B /* BOJ_17141(연구소2).swift */; };
		5398DCA62775421000C6AAFC /* BOJ_14888(연산자 끼워넣기).swift in Sources */ = {isa = PBXBuildFile; fileRef = 5398DCA52775421000C6AAFC /* BOJ_14888(연산자 끼워넣기).swift */; };
		5398DCA82775564700C6AAFC /* 보류(파일합치기).swift in Sources */ = {isa = PBXBuildFile; fileRef = 5398DCA72775564700C6AAFC /* 보류(파일합치기).swift */; };
		53AB95B027C30EC500A99176 /* BOJ_2294(동전2).swift in Sources */ = {isa = PBXBuildFile; fileRef = 53AB95AF27C30EC500A99176 /* BOJ_2294(동전2).swift */; };
		53AB95B427C33B2B00A99176 /* BOJ_9376(탈옥).swift in Sources */ = {isa = PBXBuildFile; fileRef = 53AB95B327C33B2B00A99176 /* BOJ_9376(탈옥).swift */; };
		53ADA10027B0C9F80094956C /* BOJ_10422(괄호).swift in Sources */ = {isa = PBXBuildFile; fileRef = 53ADA0FF27B0C9F80094956C /* BOJ_10422(괄호).swift */; };
		53B1C49827F1930800C6F378 /* BOJ_1600(말이되고픈원숭이).swift in Sources */ = {isa = PBXBuildFile; fileRef = 53B1C49727F1930800C6F378 /* BOJ_1600(말이되고픈원숭이).swift */; };
		53BAA955276CD096003F6C23 /* BOJ_15989(1,2,3 더하기 4).swift in Sources */ = {isa = PBXBuildFile; fileRef = 53BAA954276CD096003F6C23 /* BOJ_15989(1,2,3 더하기 4).swift */; };
		53C06A8128163DEC00C0916E /* BOJ_15658(드래곤 커브).swift in Sources */ = {isa = PBXBuildFile; fileRef = 53C06A8028163DEC00C0916E /* BOJ_15658(드래곤 커브).swift */; };
		53C06A8328176CC600C0916E /* BOJ_2290(LCD Test).swift in Sources */ = {isa = PBXBuildFile; fileRef = 53C06A8228176CC600C0916E /* BOJ_2290(LCD Test).swift */; };
		53C06A8528177C5600C0916E /* 수들의합2.swift in Sources */ = {isa = PBXBuildFile; fileRef = 53C06A8428177C5600C0916E /* 수들의합2.swift */; };
		53C0C7C927D5DDFD00491983 /* BOJ_9251(LCS).swift in Sources */ = {isa = PBXBuildFile; fileRef = 53C0C7C827D5DDFD00491983 /* BOJ_9251(LCS).swift */; };
		53C0C7CD27DB4A1900491983 /* BOJ_14442(벽 부수고 이동하기2).swift in Sources */ = {isa = PBXBuildFile; fileRef = 53C0C7CC27DB4A1900491983 /* BOJ_14442(벽 부수고 이동하기2).swift */; };
		53C0C7CF27DC237300491983 /* 1번.swift in Sources */ = {isa = PBXBuildFile; fileRef = 53C0C7CE27DC237300491983 /* 1번.swift */; };
		53C0C7D127DC2ED400491983 /* 4번.swift in Sources */ = {isa = PBXBuildFile; fileRef = 53C0C7D027DC2ED400491983 /* 4번.swift */; };
		53C0C7D327DC45A200491983 /* BOJ_9252(LCS2).swift in Sources */ = {isa = PBXBuildFile; fileRef = 53C0C7D227DC45A200491983 /* BOJ_9252(LCS2).swift */; };
		53C45EA427EAB63D006CC8C3 /* 배열돌리기1(시간초과).swift in Sources */ = {isa = PBXBuildFile; fileRef = 53C45EA327EAB63D006CC8C3 /* 배열돌리기1(시간초과).swift */; };
		53CF3DB82798FFB50059B03A /* BOJ_16947(서울지하철2호선).swift in Sources */ = {isa = PBXBuildFile; fileRef = 53CF3DB72798FFB50059B03A /* BOJ_16947(서울지하철2호선).swift */; };
		53CF3DBA279A47640059B03A /* BOJ_6087(레이저 통신).swift in Sources */ = {isa = PBXBuildFile; fileRef = 53CF3DB9279A47640059B03A /* BOJ_6087(레이저 통신).swift */; };
		53E0C99B277E73F6003026D7 /* BOJ_2206(벽 부수고 이동하기).swift in Sources */ = {isa = PBXBuildFile; fileRef = 53E0C99A277E73F6003026D7 /* BOJ_2206(벽 부수고 이동하기).swift */; };
		53E55EF127CF1B4E005B3AD3 /* BOJ_12946(육각보드).swift in Sources */ = {isa = PBXBuildFile; fileRef = 53E55EF027CF1B4E005B3AD3 /* BOJ_12946(육각보드).swift */; };
		53E55EF327D03E8C005B3AD3 /* BOJ_16946(벽 부수고 이동하기4).swift in Sources */ = {isa = PBXBuildFile; fileRef = 53E55EF227D03E8C005B3AD3 /* BOJ_16946(벽 부수고 이동하기4).swift */; };
		53E8215128289FDF00AE1FCE /* 부분합.swift in Sources */ = {isa = PBXBuildFile; fileRef = 53E8215028289FDF00AE1FCE /* 부분합.swift */; };
		53E821532828AF8800AE1FCE /* 소수의 부분합.swift in Sources */ = {isa = PBXBuildFile; fileRef = 53E821522828AF8800AE1FCE /* 소수의 부분합.swift */; };
		53EA7C8227E803A500360041 /* BOJ_5557(1학년).swift in Sources */ = {isa = PBXBuildFile; fileRef = 53EA7C8127E803A500360041 /* BOJ_5557(1학년).swift */; };
		53F173F22769765C002EBCE0 /* BOJ_11048(이동하기).swift in Sources */ = {isa = PBXBuildFile; fileRef = 53F173F12769765C002EBCE0 /* BOJ_11048(이동하기).swift */; };
		53F173F42769904A002EBCE0 /* BOJ_11060(점프 점프).swift in Sources */ = {isa = PBXBuildFile; fileRef = 53F173F32769904A002EBCE0 /* BOJ_11060(점프 점프).swift */; };
		53F9C8172791331D00264C46 /* BOJ_12869(뮤탈리스크).swift in Sources */ = {isa = PBXBuildFile; fileRef = 53F9C8162791331D00264C46 /* BOJ_12869(뮤탈리스크).swift */; };
		53FDB8B527952B1900B513BA /* 보류(움직이는미로탈출).swift in Sources */ = {isa = PBXBuildFile; fileRef = 53FDB8B427952B1900B513BA /* 보류(움직이는미로탈출).swift */; };
/* End PBXBuildFile section */

/* Begin PBXCopyFilesBuildPhase section */
		539146D72766D7A4004F37F9 /* CopyFiles */ = {
			isa = PBXCopyFilesBuildPhase;
			buildActionMask = 2147483647;
			dstPath = /usr/share/man/man1/;
			dstSubfolderSpec = 0;
			files = (
			);
			runOnlyForDeploymentPostprocessing = 1;
		};
/* End PBXCopyFilesBuildPhase section */

/* Begin PBXFileReference section */
		5301B6FF27901FCA00CC850F /* BOJ_16198(에너지 모으기).swift */ = {isa = PBXFileReference; lastKnownFileType = sourcecode.swift; path = "BOJ_16198(에너지 모으기).swift"; sourceTree = "<group>"; };
		5303201727EDC1FA00EBAF2A /* BOJ_16940(BFS스페셜저지).swift */ = {isa = PBXFileReference; lastKnownFileType = sourcecode.swift; path = "BOJ_16940(BFS스페셜저지).swift"; sourceTree = "<group>"; };
		5303201927EF0EE300EBAF2A /* BOJ_16964(DFS스페셜저지).swift */ = {isa = PBXFileReference; lastKnownFileType = sourcecode.swift; path = "BOJ_16964(DFS스페셜저지).swift"; sourceTree = "<group>"; };
		530F548827CCA351005B18A7 /* BOJ_11058(크리보드).swift */ = {isa = PBXFileReference; lastKnownFileType = sourcecode.swift; path = "BOJ_11058(크리보드).swift"; sourceTree = "<group>"; };
		5317796327E95C9800B0518C /* BOJ_19654(움직이는 미로 탈출).swift */ = {isa = PBXFileReference; lastKnownFileType = sourcecode.swift; path = "BOJ_19654(움직이는 미로 탈출).swift"; sourceTree = "<group>"; };
		5326CEF5277D3B6900EBB651 /* BOJ_12886(돌그룹).swift */ = {isa = PBXFileReference; lastKnownFileType = sourcecode.swift; path = "BOJ_12886(돌그룹).swift"; sourceTree = "<group>"; };
		5326CEF7277D560500EBB651 /* BOJ_16929(Two Dots).swift */ = {isa = PBXFileReference; lastKnownFileType = sourcecode.swift; path = "BOJ_16929(Two Dots).swift"; sourceTree = "<group>"; };
		532BE2A327793935006D7D9A /* BOJ_15658(연산자 끼워넣기2).swift */ = {isa = PBXFileReference; lastKnownFileType = sourcecode.swift; path = "BOJ_15658(연산자 끼워넣기2).swift"; sourceTree = "<group>"; };
		532BE2A5277A93A1006D7D9A /* BOJ_2003(수들의 합2).swift */ = {isa = PBXFileReference; lastKnownFileType = sourcecode.swift; path = "BOJ_2003(수들의 합2).swift"; sourceTree = "<group>"; };
		532BE2A7277A9817006D7D9A /* BOJ_12865(평범한배낭).swift */ = {isa = PBXFileReference; lastKnownFileType = sourcecode.swift; path = "BOJ_12865(평범한배낭).swift"; sourceTree = "<group>"; };
		533D9985279B96F50037BBDC /* BOJ_1963(소수 경로).swift */ = {isa = PBXFileReference; lastKnownFileType = sourcecode.swift; path = "BOJ_1963(소수 경로).swift"; sourceTree = "<group>"; };
		533EFB6F280F940400AFB591 /* BOJ_14503(로봇청소기).swift */ = {isa = PBXFileReference; lastKnownFileType = sourcecode.swift; path = "BOJ_14503(로봇청소기).swift"; sourceTree = "<group>"; };
		53540927278BE41E007B3F6B /* BOJ_14442(벽 부수고 이동하기2).swift.swift */ = {isa = PBXFileReference; lastKnownFileType = sourcecode.swift; path = "BOJ_14442(벽 부수고 이동하기2).swift.swift"; sourceTree = "<group>"; };
		53540929278D0E78007B3F6B /* BOJ_1495(기타리스트).swift */ = {isa = PBXFileReference; lastKnownFileType = sourcecode.swift; path = "BOJ_1495(기타리스트).swift"; sourceTree = "<group>"; };
		5354092B278D25EC007B3F6B /* BOJ_14225(부분수열의합).swift */ = {isa = PBXFileReference; lastKnownFileType = sourcecode.swift; path = "BOJ_14225(부분수열의합).swift"; sourceTree = "<group>"; };
		5354092D278E8637007B3F6B /* 보류(테트로미노).swift */ = {isa = PBXFileReference; lastKnownFileType = sourcecode.swift; path = "보류(테트로미노).swift"; sourceTree = "<group>"; tabWidth = 3; };
		5357E7512768476F008EB915 /* BOJ_16948(데스 나이트).swift */ = {isa = PBXFileReference; lastKnownFileType = sourcecode.swift; path = "BOJ_16948(데스 나이트).swift"; sourceTree = "<group>"; };
		5362D8A527B2024400A6D50B /* BOJ_17142(연구소3).swift */ = {isa = PBXFileReference; lastKnownFileType = sourcecode.swift; path = "BOJ_17142(연구소3).swift"; sourceTree = "<group>"; };
		5372427827B9220A00BCAF26 /* BOJ_2293(동전1).swift */ = {isa = PBXFileReference; lastKnownFileType = sourcecode.swift; path = "BOJ_2293(동전1).swift"; sourceTree = "<group>"; };
		537AC7D227DEDE9700CCB9EC /* BOJ_16933(벽부수고이동하기3).swift */ = {isa = PBXFileReference; lastKnownFileType = sourcecode.swift; path = "BOJ_16933(벽부수고이동하기3).swift"; sourceTree = "<group>"; };
		537AC7D427DEF77800CCB9EC /* BOJ_5582(공통부분문자열).swift */ = {isa = PBXFileReference; lastKnownFileType = sourcecode.swift; path = "BOJ_5582(공통부분문자열).swift"; sourceTree = "<group>"; };
		53862A75276AC8FF00C101AB /* BOJ_14502(연구소).swift */ = {isa = PBXFileReference; lastKnownFileType = sourcecode.swift; path = "BOJ_14502(연구소).swift"; sourceTree = "<group>"; };
		53862A77276AEAD200C101AB /* BOJ_1339(단어 수학).swift */ = {isa = PBXFileReference; lastKnownFileType = sourcecode.swift; path = "BOJ_1339(단어 수학).swift"; sourceTree = "<group>"; };
		5388F25A27964D6800036F3E /* BOJ_16236(아기상어).swift */ = {isa = PBXFileReference; lastKnownFileType = sourcecode.swift; path = "BOJ_16236(아기상어).swift"; sourceTree = "<group>"; };
		538DEF3827E44CFD0061EBC3 /* BOJ_4991(로봇청소기).swift */ = {isa = PBXFileReference; lastKnownFileType = sourcecode.swift; path = "BOJ_4991(로봇청소기).swift"; sourceTree = "<group>"; };
		539146D92766D7A4004F37F9 /* CodingTest_Practice */ = {isa = PBXFileReference; explicitFileType = "compiled.mach-o.executable"; includeInIndex = 0; path = CodingTest_Practice; sourceTree = BUILT_PRODUCTS_DIR; };
		539146DC2766D7A4004F37F9 /* BOJ_1182(부분수열의 합).swift */ = {isa = PBXFileReference; lastKnownFileType = sourcecode.swift; path = "BOJ_1182(부분수열의 합).swift"; sourceTree = "<group>"; };
		539146E527670593004F37F9 /* BOJ_16928(뱀과 사다리 게임).swift */ = {isa = PBXFileReference; lastKnownFileType = sourcecode.swift; path = "BOJ_16928(뱀과 사다리 게임).swift"; sourceTree = "<group>"; };
		5391BA27278FB14B0052726D /* BOJ_16197(두 동전).swift */ = {isa = PBXFileReference; lastKnownFileType = sourcecode.swift; path = "BOJ_16197(두 동전).swift"; sourceTree = "<group>"; };
		53964A41279FBE910038931B /* BOJ_10026(적록색약).swift */ = {isa = PBXFileReference; lastKnownFileType = sourcecode.swift; path = "BOJ_10026(적록색약).swift"; sourceTree = "<group>"; };
		53964A4327A0DE950038931B /* BOJ_14395(4연산).swift */ = {isa = PBXFileReference; lastKnownFileType = sourcecode.swift; path = "BOJ_14395(4연산).swift"; sourceTree = "<group>"; };
		53964A4527A24DDD0038931B /* BOJ_5014(스타트링크).swift */ = {isa = PBXFileReference; lastKnownFileType = sourcecode.swift; path = "BOJ_5014(스타트링크).swift"; sourceTree = "<group>"; };
		53964A4727A37F0A0038931B /* BOJ_17086(아기상어).swift */ = {isa = PBXFileReference; lastKnownFileType = sourcecode.swift; path = "BOJ_17086(아기상어).swift"; sourceTree = "<group>"; };
		53964A4B27AB9B080038931B /* BOJ_2234(성곽).swift */ = {isa = PBXFileReference; lastKnownFileType = sourcecode.swift; path = "BOJ_2234(성곽).swift"; sourceTree = "<group>"; };
		53964A4D27ACB41F0038931B /* BOJ_12906(새로운 하노이 탑).swift */ = {isa = PBXFileReference; lastKnownFileType = sourcecode.swift; path = "BOJ_12906(새로운 하노이 탑).swift"; sourceTree = "<group>"; };
		53964A4F27ACC7180038931B /* BOJ_2580(스도쿠).swift */ = {isa = PBXFileReference; lastKnownFileType = sourcecode.swift; path = "BOJ_2580(스도쿠).swift"; sourceTree = "<group>"; };
		53964A5127B0AC130038931B /* BOJ_17141(연구소2).swift */ = {isa = PBXFileReference; lastKnownFileType = sourcecode.swift; path = "BOJ_17141(연구소2).swift"; sourceTree = "<group>"; };
		5398DCA52775421000C6AAFC /* BOJ_14888(연산자 끼워넣기).swift */ = {isa = PBXFileReference; lastKnownFileType = sourcecode.swift; path = "BOJ_14888(연산자 끼워넣기).swift"; sourceTree = "<group>"; };
		5398DCA72775564700C6AAFC /* 보류(파일합치기).swift */ = {isa = PBXFileReference; lastKnownFileType = sourcecode.swift; path = "보류(파일합치기).swift"; sourceTree = "<group>"; };
		53AB95AF27C30EC500A99176 /* BOJ_2294(동전2).swift */ = {isa = PBXFileReference; lastKnownFileType = sourcecode.swift; path = "BOJ_2294(동전2).swift"; sourceTree = "<group>"; };
		53AB95B327C33B2B00A99176 /* BOJ_9376(탈옥).swift */ = {isa = PBXFileReference; lastKnownFileType = sourcecode.swift; path = "BOJ_9376(탈옥).swift"; sourceTree = "<group>"; };
		53ADA0FF27B0C9F80094956C /* BOJ_10422(괄호).swift */ = {isa = PBXFileReference; lastKnownFileType = sourcecode.swift; path = "BOJ_10422(괄호).swift"; sourceTree = "<group>"; };
		53B1C49727F1930800C6F378 /* BOJ_1600(말이되고픈원숭이).swift */ = {isa = PBXFileReference; lastKnownFileType = sourcecode.swift; name = "BOJ_1600(말이되고픈원숭이).swift"; path = "../CodingTest_Practice/BOJ_1600(말이되고픈원숭이).swift"; sourceTree = "<group>"; };
		53BAA954276CD096003F6C23 /* BOJ_15989(1,2,3 더하기 4).swift */ = {isa = PBXFileReference; lastKnownFileType = sourcecode.swift; path = "BOJ_15989(1,2,3 더하기 4).swift"; sourceTree = "<group>"; };
		53C06A8028163DEC00C0916E /* BOJ_15658(드래곤 커브).swift */ = {isa = PBXFileReference; lastKnownFileType = sourcecode.swift; path = "BOJ_15658(드래곤 커브).swift"; sourceTree = "<group>"; };
		53C06A8228176CC600C0916E /* BOJ_2290(LCD Test).swift */ = {isa = PBXFileReference; lastKnownFileType = sourcecode.swift; path = "BOJ_2290(LCD Test).swift"; sourceTree = "<group>"; };
		53C06A8428177C5600C0916E /* 수들의합2.swift */ = {isa = PBXFileReference; lastKnownFileType = sourcecode.swift; path = "수들의합2.swift"; sourceTree = "<group>"; };
		53C0C7C827D5DDFD00491983 /* BOJ_9251(LCS).swift */ = {isa = PBXFileReference; lastKnownFileType = sourcecode.swift; path = "BOJ_9251(LCS).swift"; sourceTree = "<group>"; };
		53C0C7CC27DB4A1900491983 /* BOJ_14442(벽 부수고 이동하기2).swift */ = {isa = PBXFileReference; lastKnownFileType = sourcecode.swift; path = "BOJ_14442(벽 부수고 이동하기2).swift"; sourceTree = "<group>"; };
		53C0C7CE27DC237300491983 /* 1번.swift */ = {isa = PBXFileReference; lastKnownFileType = sourcecode.swift; path = "1번.swift"; sourceTree = "<group>"; };
		53C0C7D027DC2ED400491983 /* 4번.swift */ = {isa = PBXFileReference; lastKnownFileType = sourcecode.swift; path = "4번.swift"; sourceTree = "<group>"; };
		53C0C7D227DC45A200491983 /* BOJ_9252(LCS2).swift */ = {isa = PBXFileReference; lastKnownFileType = sourcecode.swift; path = "BOJ_9252(LCS2).swift"; sourceTree = "<group>"; };
		53C45EA327EAB63D006CC8C3 /* 배열돌리기1(시간초과).swift */ = {isa = PBXFileReference; lastKnownFileType = sourcecode.swift; path = "배열돌리기1(시간초과).swift"; sourceTree = "<group>"; };
		53CF3DB72798FFB50059B03A /* BOJ_16947(서울지하철2호선).swift */ = {isa = PBXFileReference; lastKnownFileType = sourcecode.swift; path = "BOJ_16947(서울지하철2호선).swift"; sourceTree = "<group>"; };
		53CF3DB9279A47640059B03A /* BOJ_6087(레이저 통신).swift */ = {isa = PBXFileReference; lastKnownFileType = sourcecode.swift; path = "BOJ_6087(레이저 통신).swift"; sourceTree = "<group>"; };
		53E0C99A277E73F6003026D7 /* BOJ_2206(벽 부수고 이동하기).swift */ = {isa = PBXFileReference; lastKnownFileType = sourcecode.swift; path = "BOJ_2206(벽 부수고 이동하기).swift"; sourceTree = "<group>"; };
		53E55EF027CF1B4E005B3AD3 /* BOJ_12946(육각보드).swift */ = {isa = PBXFileReference; lastKnownFileType = sourcecode.swift; path = "BOJ_12946(육각보드).swift"; sourceTree = "<group>"; };
		53E55EF227D03E8C005B3AD3 /* BOJ_16946(벽 부수고 이동하기4).swift */ = {isa = PBXFileReference; lastKnownFileType = sourcecode.swift; path = "BOJ_16946(벽 부수고 이동하기4).swift"; sourceTree = "<group>"; };
		53E8215028289FDF00AE1FCE /* 부분합.swift */ = {isa = PBXFileReference; lastKnownFileType = sourcecode.swift; path = "부분합.swift"; sourceTree = "<group>"; };
		53E821522828AF8800AE1FCE /* 소수의 부분합.swift */ = {isa = PBXFileReference; lastKnownFileType = sourcecode.swift; path = "소수의 부분합.swift"; sourceTree = "<group>"; };
		53EA7C8127E803A500360041 /* BOJ_5557(1학년).swift */ = {isa = PBXFileReference; lastKnownFileType = sourcecode.swift; path = "BOJ_5557(1학년).swift"; sourceTree = "<group>"; };
		53F173F12769765C002EBCE0 /* BOJ_11048(이동하기).swift */ = {isa = PBXFileReference; lastKnownFileType = sourcecode.swift; path = "BOJ_11048(이동하기).swift"; sourceTree = "<group>"; };
		53F173F32769904A002EBCE0 /* BOJ_11060(점프 점프).swift */ = {isa = PBXFileReference; lastKnownFileType = sourcecode.swift; path = "BOJ_11060(점프 점프).swift"; sourceTree = "<group>"; };
		53F9C8162791331D00264C46 /* BOJ_12869(뮤탈리스크).swift */ = {isa = PBXFileReference; lastKnownFileType = sourcecode.swift; path = "BOJ_12869(뮤탈리스크).swift"; sourceTree = "<group>"; };
		53FDB8B427952B1900B513BA /* 보류(움직이는미로탈출).swift */ = {isa = PBXFileReference; lastKnownFileType = sourcecode.swift; path = "보류(움직이는미로탈출).swift"; sourceTree = "<group>"; };
/* End PBXFileReference section */

/* Begin PBXFrameworksBuildPhase section */
		539146D62766D7A4004F37F9 /* Frameworks */ = {
			isa = PBXFrameworksBuildPhase;
			buildActionMask = 2147483647;
			files = (
			);
			runOnlyForDeploymentPostprocessing = 0;
		};
/* End PBXFrameworksBuildPhase section */

/* Begin PBXGroup section */
		5317796227E95BE800B0518C /* Graph */ = {
			isa = PBXGroup;
			children = (
				5326CEF7277D560500EBB651 /* BOJ_16929(Two Dots).swift */,
				53CF3DB72798FFB50059B03A /* BOJ_16947(서울지하철2호선).swift */,
				53E55EF027CF1B4E005B3AD3 /* BOJ_12946(육각보드).swift */,
				5303201727EDC1FA00EBAF2A /* BOJ_16940(BFS스페셜저지).swift */,
				5303201927EF0EE300EBAF2A /* BOJ_16964(DFS스페셜저지).swift */,
			);
			path = Graph;
			sourceTree = "<group>";
		};
		539146D02766D7A4004F37F9 = {
			isa = PBXGroup;
			children = (
				53E8214F2828963D00AE1FCE /* TwoPointer */,
				53C45E9F27E985A3006CC8C3 /* etc */,
				5317796227E95BE800B0518C /* Graph */,
				53F173F02769764F002EBCE0 /* DP */,
				539146E427670541004F37F9 /* BFS */,
				539146E327670513004F37F9 /* BruteForce */,
				53C45EA227EAB61C006CC8C3 /* simulation */,
				539146DB2766D7A4004F37F9 /* CodingTest_Practice */,
				539146DA2766D7A4004F37F9 /* Products */,
			);
			sourceTree = "<group>";
		};
		539146DA2766D7A4004F37F9 /* Products */ = {
			isa = PBXGroup;
			children = (
				539146D92766D7A4004F37F9 /* CodingTest_Practice */,
			);
			name = Products;
			sourceTree = "<group>";
		};
		539146DB2766D7A4004F37F9 /* CodingTest_Practice */ = {
			isa = PBXGroup;
			children = (
			);
			path = CodingTest_Practice;
			sourceTree = "<group>";
		};
		539146E327670513004F37F9 /* BruteForce */ = {
			isa = PBXGroup;
			children = (
				53862A77276AEAD200C101AB /* BOJ_1339(단어 수학).swift */,
				539146DC2766D7A4004F37F9 /* BOJ_1182(부분수열의 합).swift */,
				5398DCA52775421000C6AAFC /* BOJ_14888(연산자 끼워넣기).swift */,
				532BE2A327793935006D7D9A /* BOJ_15658(연산자 끼워넣기2).swift */,
				532BE2A5277A93A1006D7D9A /* BOJ_2003(수들의 합2).swift */,
				5354092B278D25EC007B3F6B /* BOJ_14225(부분수열의합).swift */,
				5354092D278E8637007B3F6B /* 보류(테트로미노).swift */,
				5391BA27278FB14B0052726D /* BOJ_16197(두 동전).swift */,
				5301B6FF27901FCA00CC850F /* BOJ_16198(에너지 모으기).swift */,
				53964A4F27ACC7180038931B /* BOJ_2580(스도쿠).swift */,
			);
			path = BruteForce;
			sourceTree = "<group>";
		};
		539146E427670541004F37F9 /* BFS */ = {
			isa = PBXGroup;
			children = (
				5357E7512768476F008EB915 /* BOJ_16948(데스 나이트).swift */,
				53862A75276AC8FF00C101AB /* BOJ_14502(연구소).swift */,
				5326CEF5277D3B6900EBB651 /* BOJ_12886(돌그룹).swift */,
				53E0C99A277E73F6003026D7 /* BOJ_2206(벽 부수고 이동하기).swift */,
				53540927278BE41E007B3F6B /* BOJ_14442(벽 부수고 이동하기2).swift.swift */,
				53FDB8B427952B1900B513BA /* 보류(움직이는미로탈출).swift */,
				5388F25A27964D6800036F3E /* BOJ_16236(아기상어).swift */,
				53CF3DB9279A47640059B03A /* BOJ_6087(레이저 통신).swift */,
				533D9985279B96F50037BBDC /* BOJ_1963(소수 경로).swift */,
				53964A41279FBE910038931B /* BOJ_10026(적록색약).swift */,
				53964A4327A0DE950038931B /* BOJ_14395(4연산).swift */,
				53964A4527A24DDD0038931B /* BOJ_5014(스타트링크).swift */,
				53964A4727A37F0A0038931B /* BOJ_17086(아기상어).swift */,
				53964A4B27AB9B080038931B /* BOJ_2234(성곽).swift */,
				53964A4D27ACB41F0038931B /* BOJ_12906(새로운 하노이 탑).swift */,
				53964A5127B0AC130038931B /* BOJ_17141(연구소2).swift */,
				5362D8A527B2024400A6D50B /* BOJ_17142(연구소3).swift */,
				53AB95B327C33B2B00A99176 /* BOJ_9376(탈옥).swift */,
				53E55EF227D03E8C005B3AD3 /* BOJ_16946(벽 부수고 이동하기4).swift */,
				53C0C7CC27DB4A1900491983 /* BOJ_14442(벽 부수고 이동하기2).swift */,
				537AC7D227DEDE9700CCB9EC /* BOJ_16933(벽부수고이동하기3).swift */,
				538DEF3827E44CFD0061EBC3 /* BOJ_4991(로봇청소기).swift */,
				5317796327E95C9800B0518C /* BOJ_19654(움직이는 미로 탈출).swift */,
				53B1C49727F1930800C6F378 /* BOJ_1600(말이되고픈원숭이).swift */,
			);
			path = BFS;
			sourceTree = "<group>";
		};
		53C45E9F27E985A3006CC8C3 /* etc */ = {
			isa = PBXGroup;
			children = (
				53C0C7CE27DC237300491983 /* 1번.swift */,
				53C0C7D027DC2ED400491983 /* 4번.swift */,
			);
			path = etc;
			sourceTree = "<group>";
		};
		53C45EA227EAB61C006CC8C3 /* simulation */ = {
			isa = PBXGroup;
			children = (
				53C45EA327EAB63D006CC8C3 /* 배열돌리기1(시간초과).swift */,
				533EFB6F280F940400AFB591 /* BOJ_14503(로봇청소기).swift */,
				53C06A8028163DEC00C0916E /* BOJ_15658(드래곤 커브).swift */,
				53C06A8228176CC600C0916E /* BOJ_2290(LCD Test).swift */,
			);
			path = simulation;
			sourceTree = "<group>";
		};
		53E8214F2828963D00AE1FCE /* TwoPointer */ = {
			isa = PBXGroup;
			children = (
				53C06A8428177C5600C0916E /* 수들의합2.swift */,
				53E8215028289FDF00AE1FCE /* 부분합.swift */,
				53E821522828AF8800AE1FCE /* 소수의 부분합.swift */,
			);
			path = TwoPointer;
			sourceTree = "<group>";
		};
		53F173F02769764F002EBCE0 /* DP */ = {
			isa = PBXGroup;
			children = (
				53F173F12769765C002EBCE0 /* BOJ_11048(이동하기).swift */,
				53F173F32769904A002EBCE0 /* BOJ_11060(점프 점프).swift */,
				53BAA954276CD096003F6C23 /* BOJ_15989(1,2,3 더하기 4).swift */,
				5398DCA72775564700C6AAFC /* 보류(파일합치기).swift */,
				532BE2A7277A9817006D7D9A /* BOJ_12865(평범한배낭).swift */,
				53540929278D0E78007B3F6B /* BOJ_1495(기타리스트).swift */,
				53F9C8162791331D00264C46 /* BOJ_12869(뮤탈리스크).swift */,
				53ADA0FF27B0C9F80094956C /* BOJ_10422(괄호).swift */,
				5372427827B9220A00BCAF26 /* BOJ_2293(동전1).swift */,
				539146E527670593004F37F9 /* BOJ_16928(뱀과 사다리 게임).swift */,
				53AB95AF27C30EC500A99176 /* BOJ_2294(동전2).swift */,
				530F548827CCA351005B18A7 /* BOJ_11058(크리보드).swift */,
				53C0C7C827D5DDFD00491983 /* BOJ_9251(LCS).swift */,
				53C0C7D227DC45A200491983 /* BOJ_9252(LCS2).swift */,
				537AC7D427DEF77800CCB9EC /* BOJ_5582(공통부분문자열).swift */,
				53EA7C8127E803A500360041 /* BOJ_5557(1학년).swift */,
			);
			path = DP;
			sourceTree = "<group>";
		};
/* End PBXGroup section */

/* Begin PBXNativeTarget section */
		539146D82766D7A4004F37F9 /* CodingTest_Practice */ = {
			isa = PBXNativeTarget;
			buildConfigurationList = 539146E02766D7A4004F37F9 /* Build configuration list for PBXNativeTarget "CodingTest_Practice" */;
			buildPhases = (
				539146D52766D7A4004F37F9 /* Sources */,
				539146D62766D7A4004F37F9 /* Frameworks */,
				539146D72766D7A4004F37F9 /* CopyFiles */,
			);
			buildRules = (
			);
			dependencies = (
			);
			name = CodingTest_Practice;
			productName = CodingTest_Practice;
			productReference = 539146D92766D7A4004F37F9 /* CodingTest_Practice */;
			productType = "com.apple.product-type.tool";
		};
/* End PBXNativeTarget section */

/* Begin PBXProject section */
		539146D12766D7A4004F37F9 /* Project object */ = {
			isa = PBXProject;
			attributes = {
				BuildIndependentTargetsInParallel = 1;
				LastSwiftUpdateCheck = 1310;
				LastUpgradeCheck = 1310;
				TargetAttributes = {
					539146D82766D7A4004F37F9 = {
						CreatedOnToolsVersion = 13.1;
					};
				};
			};
			buildConfigurationList = 539146D42766D7A4004F37F9 /* Build configuration list for PBXProject "CodingTest_Practice" */;
			compatibilityVersion = "Xcode 13.0";
			developmentRegion = en;
			hasScannedForEncodings = 0;
			knownRegions = (
				en,
				Base,
			);
			mainGroup = 539146D02766D7A4004F37F9;
			productRefGroup = 539146DA2766D7A4004F37F9 /* Products */;
			projectDirPath = "";
			projectRoot = "";
			targets = (
				539146D82766D7A4004F37F9 /* CodingTest_Practice */,
			);
		};
/* End PBXProject section */

/* Begin PBXSourcesBuildPhase section */
		539146D52766D7A4004F37F9 /* Sources */ = {
			isa = PBXSourcesBuildPhase;
			buildActionMask = 2147483647;
			files = (
				539146E627670593004F37F9 /* BOJ_16928(뱀과 사다리 게임).swift in Sources */,
				53964A4E27ACB41F0038931B /* BOJ_12906(새로운 하노이 탑).swift in Sources */,
				53C0C7D327DC45A200491983 /* BOJ_9252(LCS2).swift in Sources */,
				53E55EF127CF1B4E005B3AD3 /* BOJ_12946(육각보드).swift in Sources */,
				53C06A8328176CC600C0916E /* BOJ_2290(LCD Test).swift in Sources */,
				53964A5027ACC7180038931B /* BOJ_2580(스도쿠).swift in Sources */,
				532BE2A8277A9817006D7D9A /* BOJ_12865(평범한배낭).swift in Sources */,
				53964A4C27AB9B080038931B /* BOJ_2234(성곽).swift in Sources */,
				53FDB8B527952B1900B513BA /* 보류(움직이는미로탈출).swift in Sources */,
				53B1C49827F1930800C6F378 /* BOJ_1600(말이되고픈원숭이).swift in Sources */,
				53964A5227B0AC130038931B /* BOJ_17141(연구소2).swift in Sources */,
				53C0C7CF27DC237300491983 /* 1번.swift in Sources */,
				53C06A8528177C5600C0916E /* 수들의합2.swift in Sources */,
				53C0C7CD27DB4A1900491983 /* BOJ_14442(벽 부수고 이동하기2).swift in Sources */,
				53F9C8172791331D00264C46 /* BOJ_12869(뮤탈리스크).swift in Sources */,
				5354092A278D0E78007B3F6B /* BOJ_1495(기타리스트).swift in Sources */,
				537AC7D327DEDE9700CCB9EC /* BOJ_16933(벽부수고이동하기3).swift in Sources */,
				53540928278BE41E007B3F6B /* BOJ_14442(벽 부수고 이동하기2).swift.swift in Sources */,
				530F548927CCA351005B18A7 /* BOJ_11058(크리보드).swift in Sources */,
				533EFB70280F940400AFB591 /* BOJ_14503(로봇청소기).swift in Sources */,
				53862A78276AEAD200C101AB /* BOJ_1339(단어 수학).swift in Sources */,
				53C0C7D127DC2ED400491983 /* 4번.swift in Sources */,
				53E55EF327D03E8C005B3AD3 /* BOJ_16946(벽 부수고 이동하기4).swift in Sources */,
				5398DCA62775421000C6AAFC /* BOJ_14888(연산자 끼워넣기).swift in Sources */,
				53964A42279FBE910038931B /* BOJ_10026(적록색약).swift in Sources */,
				5354092E278E8637007B3F6B /* 보류(테트로미노).swift in Sources */,
				5362D8A627B2024400A6D50B /* BOJ_17142(연구소3).swift in Sources */,
				53964A4827A37F0A0038931B /* BOJ_17086(아기상어).swift in Sources */,
				53C06A8128163DEC00C0916E /* BOJ_15658(드래곤 커브).swift in Sources */,
				53E8215128289FDF00AE1FCE /* 부분합.swift in Sources */,
				53BAA955276CD096003F6C23 /* BOJ_15989(1,2,3 더하기 4).swift in Sources */,
				53AB95B427C33B2B00A99176 /* BOJ_9376(탈옥).swift in Sources */,
				53AB95B027C30EC500A99176 /* BOJ_2294(동전2).swift in Sources */,
				5391BA28278FB14B0052726D /* BOJ_16197(두 동전).swift in Sources */,
				53964A4627A24DDD0038931B /* BOJ_5014(스타트링크).swift in Sources */,
				53C0C7C927D5DDFD00491983 /* BOJ_9251(LCS).swift in Sources */,
				53CF3DBA279A47640059B03A /* BOJ_6087(레이저 통신).swift in Sources */,
				53E821532828AF8800AE1FCE /* 소수의 부분합.swift in Sources */,
				53F173F42769904A002EBCE0 /* BOJ_11060(점프 점프).swift in Sources */,
				53862A76276AC8FF00C101AB /* BOJ_14502(연구소).swift in Sources */,
				5398DCA82775564700C6AAFC /* 보류(파일합치기).swift in Sources */,
				53CF3DB82798FFB50059B03A /* BOJ_16947(서울지하철2호선).swift in Sources */,
				5326CEF6277D3B6900EBB651 /* BOJ_12886(돌그룹).swift in Sources */,
				532BE2A427793935006D7D9A /* BOJ_15658(연산자 끼워넣기2).swift in Sources */,
				5372427927B9220A00BCAF26 /* BOJ_2293(동전1).swift in Sources */,
				5388F25B27964D6800036F3E /* BOJ_16236(아기상어).swift in Sources */,
				53E0C99B277E73F6003026D7 /* BOJ_2206(벽 부수고 이동하기).swift in Sources */,
				539146DD2766D7A4004F37F9 /* BOJ_1182(부분수열의 합).swift in Sources */,
				5326CEF8277D560500EBB651 /* BOJ_16929(Two Dots).swift in Sources */,
				533D9986279B96F50037BBDC /* BOJ_1963(소수 경로).swift in Sources */,
				5354092C278D25EC007B3F6B /* BOJ_14225(부분수열의합).swift in Sources */,
				5301B70027901FCA00CC850F /* BOJ_16198(에너지 모으기).swift in Sources */,
				53964A4427A0DE950038931B /* BOJ_14395(4연산).swift in Sources */,
				53ADA10027B0C9F80094956C /* BOJ_10422(괄호).swift in Sources */,
				532BE2A6277A93A1006D7D9A /* BOJ_2003(수들의 합2).swift in Sources */,
				5317796427E95C9800B0518C /* BOJ_19654(움직이는 미로 탈출).swift in Sources */,
				538DEF3927E44CFD0061EBC3 /* BOJ_4991(로봇청소기).swift in Sources */,
				5303201827EDC1FA00EBAF2A /* BOJ_16940(BFS스페셜저지).swift in Sources */,
				53C45EA427EAB63D006CC8C3 /* 배열돌리기1(시간초과).swift in Sources */,
				53EA7C8227E803A500360041 /* BOJ_5557(1학년).swift in Sources */,
				5303201A27EF0EE300EBAF2A /* BOJ_16964(DFS스페셜저지).swift in Sources */,
				53F173F22769765C002EBCE0 /* BOJ_11048(이동하기).swift in Sources */,
				537AC7D527DEF77800CCB9EC /* BOJ_5582(공통부분문자열).swift in Sources */,
				5357E7522768476F008EB915 /* BOJ_16948(데스 나이트).swift in Sources */,
			);
			runOnlyForDeploymentPostprocessing = 0;
		};
/* End PBXSourcesBuildPhase section */

/* Begin XCBuildConfiguration section */
		539146DE2766D7A4004F37F9 /* Debug */ = {
			isa = XCBuildConfiguration;
			buildSettings = {
				ALWAYS_SEARCH_USER_PATHS = NO;
				CLANG_ANALYZER_NONNULL = YES;
				CLANG_ANALYZER_NUMBER_OBJECT_CONVERSION = YES_AGGRESSIVE;
				CLANG_CXX_LANGUAGE_STANDARD = "gnu++17";
				CLANG_CXX_LIBRARY = "libc++";
				CLANG_ENABLE_MODULES = YES;
				CLANG_ENABLE_OBJC_ARC = YES;
				CLANG_ENABLE_OBJC_WEAK = YES;
				CLANG_WARN_BLOCK_CAPTURE_AUTORELEASING = YES;
				CLANG_WARN_BOOL_CONVERSION = YES;
				CLANG_WARN_COMMA = YES;
				CLANG_WARN_CONSTANT_CONVERSION = YES;
				CLANG_WARN_DEPRECATED_OBJC_IMPLEMENTATIONS = YES;
				CLANG_WARN_DIRECT_OBJC_ISA_USAGE = YES_ERROR;
				CLANG_WARN_DOCUMENTATION_COMMENTS = YES;
				CLANG_WARN_EMPTY_BODY = YES;
				CLANG_WARN_ENUM_CONVERSION = YES;
				CLANG_WARN_INFINITE_RECURSION = YES;
				CLANG_WARN_INT_CONVERSION = YES;
				CLANG_WARN_NON_LITERAL_NULL_CONVERSION = YES;
				CLANG_WARN_OBJC_IMPLICIT_RETAIN_SELF = YES;
				CLANG_WARN_OBJC_LITERAL_CONVERSION = YES;
				CLANG_WARN_OBJC_ROOT_CLASS = YES_ERROR;
				CLANG_WARN_QUOTED_INCLUDE_IN_FRAMEWORK_HEADER = YES;
				CLANG_WARN_RANGE_LOOP_ANALYSIS = YES;
				CLANG_WARN_STRICT_PROTOTYPES = YES;
				CLANG_WARN_SUSPICIOUS_MOVE = YES;
				CLANG_WARN_UNGUARDED_AVAILABILITY = YES_AGGRESSIVE;
				CLANG_WARN_UNREACHABLE_CODE = YES;
				CLANG_WARN__DUPLICATE_METHOD_MATCH = YES;
				COPY_PHASE_STRIP = NO;
				DEBUG_INFORMATION_FORMAT = dwarf;
				ENABLE_STRICT_OBJC_MSGSEND = YES;
				ENABLE_TESTABILITY = YES;
				GCC_C_LANGUAGE_STANDARD = gnu11;
				GCC_DYNAMIC_NO_PIC = NO;
				GCC_NO_COMMON_BLOCKS = YES;
				GCC_OPTIMIZATION_LEVEL = 0;
				GCC_PREPROCESSOR_DEFINITIONS = (
					"DEBUG=1",
					"$(inherited)",
				);
				GCC_WARN_64_TO_32_BIT_CONVERSION = YES;
				GCC_WARN_ABOUT_RETURN_TYPE = YES_ERROR;
				GCC_WARN_UNDECLARED_SELECTOR = YES;
				GCC_WARN_UNINITIALIZED_AUTOS = YES_AGGRESSIVE;
				GCC_WARN_UNUSED_FUNCTION = YES;
				GCC_WARN_UNUSED_VARIABLE = YES;
				MACOSX_DEPLOYMENT_TARGET = 12.0;
				MTL_ENABLE_DEBUG_INFO = INCLUDE_SOURCE;
				MTL_FAST_MATH = YES;
				ONLY_ACTIVE_ARCH = YES;
				SDKROOT = macosx;
				SWIFT_ACTIVE_COMPILATION_CONDITIONS = DEBUG;
				SWIFT_OPTIMIZATION_LEVEL = "-Onone";
			};
			name = Debug;
		};
		539146DF2766D7A4004F37F9 /* Release */ = {
			isa = XCBuildConfiguration;
			buildSettings = {
				ALWAYS_SEARCH_USER_PATHS = NO;
				CLANG_ANALYZER_NONNULL = YES;
				CLANG_ANALYZER_NUMBER_OBJECT_CONVERSION = YES_AGGRESSIVE;
				CLANG_CXX_LANGUAGE_STANDARD = "gnu++17";
				CLANG_CXX_LIBRARY = "libc++";
				CLANG_ENABLE_MODULES = YES;
				CLANG_ENABLE_OBJC_ARC = YES;
				CLANG_ENABLE_OBJC_WEAK = YES;
				CLANG_WARN_BLOCK_CAPTURE_AUTORELEASING = YES;
				CLANG_WARN_BOOL_CONVERSION = YES;
				CLANG_WARN_COMMA = YES;
				CLANG_WARN_CONSTANT_CONVERSION = YES;
				CLANG_WARN_DEPRECATED_OBJC_IMPLEMENTATIONS = YES;
				CLANG_WARN_DIRECT_OBJC_ISA_USAGE = YES_ERROR;
				CLANG_WARN_DOCUMENTATION_COMMENTS = YES;
				CLANG_WARN_EMPTY_BODY = YES;
				CLANG_WARN_ENUM_CONVERSION = YES;
				CLANG_WARN_INFINITE_RECURSION = YES;
				CLANG_WARN_INT_CONVERSION = YES;
				CLANG_WARN_NON_LITERAL_NULL_CONVERSION = YES;
				CLANG_WARN_OBJC_IMPLICIT_RETAIN_SELF = YES;
				CLANG_WARN_OBJC_LITERAL_CONVERSION = YES;
				CLANG_WARN_OBJC_ROOT_CLASS = YES_ERROR;
				CLANG_WARN_QUOTED_INCLUDE_IN_FRAMEWORK_HEADER = YES;
				CLANG_WARN_RANGE_LOOP_ANALYSIS = YES;
				CLANG_WARN_STRICT_PROTOTYPES = YES;
				CLANG_WARN_SUSPICIOUS_MOVE = YES;
				CLANG_WARN_UNGUARDED_AVAILABILITY = YES_AGGRESSIVE;
				CLANG_WARN_UNREACHABLE_CODE = YES;
				CLANG_WARN__DUPLICATE_METHOD_MATCH = YES;
				COPY_PHASE_STRIP = NO;
				DEBUG_INFORMATION_FORMAT = "dwarf-with-dsym";
				ENABLE_NS_ASSERTIONS = NO;
				ENABLE_STRICT_OBJC_MSGSEND = YES;
				GCC_C_LANGUAGE_STANDARD = gnu11;
				GCC_NO_COMMON_BLOCKS = YES;
				GCC_WARN_64_TO_32_BIT_CONVERSION = YES;
				GCC_WARN_ABOUT_RETURN_TYPE = YES_ERROR;
				GCC_WARN_UNDECLARED_SELECTOR = YES;
				GCC_WARN_UNINITIALIZED_AUTOS = YES_AGGRESSIVE;
				GCC_WARN_UNUSED_FUNCTION = YES;
				GCC_WARN_UNUSED_VARIABLE = YES;
				MACOSX_DEPLOYMENT_TARGET = 12.0;
				MTL_ENABLE_DEBUG_INFO = NO;
				MTL_FAST_MATH = YES;
				SDKROOT = macosx;
				SWIFT_COMPILATION_MODE = wholemodule;
				SWIFT_OPTIMIZATION_LEVEL = "-O";
			};
			name = Release;
		};
		539146E12766D7A4004F37F9 /* Debug */ = {
			isa = XCBuildConfiguration;
			buildSettings = {
				CODE_SIGN_STYLE = Automatic;
				DEVELOPMENT_TEAM = 5UYBRX8UM9;
				ENABLE_HARDENED_RUNTIME = YES;
				PRODUCT_NAME = "$(TARGET_NAME)";
				SWIFT_VERSION = 5.0;
			};
			name = Debug;
		};
		539146E22766D7A4004F37F9 /* Release */ = {
			isa = XCBuildConfiguration;
			buildSettings = {
				CODE_SIGN_STYLE = Automatic;
				DEVELOPMENT_TEAM = 5UYBRX8UM9;
				ENABLE_HARDENED_RUNTIME = YES;
				PRODUCT_NAME = "$(TARGET_NAME)";
				SWIFT_VERSION = 5.0;
			};
			name = Release;
		};
/* End XCBuildConfiguration section */

/* Begin XCConfigurationList section */
		539146D42766D7A4004F37F9 /* Build configuration list for PBXProject "CodingTest_Practice" */ = {
			isa = XCConfigurationList;
			buildConfigurations = (
				539146DE2766D7A4004F37F9 /* Debug */,
				539146DF2766D7A4004F37F9 /* Release */,
			);
			defaultConfigurationIsVisible = 0;
			defaultConfigurationName = Release;
		};
		539146E02766D7A4004F37F9 /* Build configuration list for PBXNativeTarget "CodingTest_Practice" */ = {
			isa = XCConfigurationList;
			buildConfigurations = (
				539146E12766D7A4004F37F9 /* Debug */,
				539146E22766D7A4004F37F9 /* Release */,
			);
			defaultConfigurationIsVisible = 0;
			defaultConfigurationName = Release;
		};
/* End XCConfigurationList section */
	};
	rootObject = 539146D12766D7A4004F37F9 /* Project object */;
}
