// !$*UTF8*$!
{
	archiveVersion = 1;
	classes = {
	};
	objectVersion = 50;
	objects = {

/* Begin PBXBuildFile section */
		531F13BB26D0D4270071162C /* BOJ_1427.swift in Sources */ = {isa = PBXBuildFile; fileRef = 531F13BA26D0D4270071162C /* BOJ_1427.swift */; };
		531F13BD26D36ACC0071162C /* BOJ_11650.swift in Sources */ = {isa = PBXBuildFile; fileRef = 531F13BC26D36ACC0071162C /* BOJ_11650.swift */; };
		531F13BF26D378B10071162C /* BOJ_11651.swift in Sources */ = {isa = PBXBuildFile; fileRef = 531F13BE26D378B10071162C /* BOJ_11651.swift */; };
		531F13C126D383540071162C /* BOJ_1181.swift in Sources */ = {isa = PBXBuildFile; fileRef = 531F13C026D383540071162C /* BOJ_1181.swift */; };
		531F13C326D38D0B0071162C /* BOJ_10814.swift in Sources */ = {isa = PBXBuildFile; fileRef = 531F13C226D38D0B0071162C /* BOJ_10814.swift */; };
		5377A89526D0AB9E00512DCE /* BOJ_2108.swift in Sources */ = {isa = PBXBuildFile; fileRef = 5377A89426D0AB9E00512DCE /* BOJ_2108.swift */; };
		53BC5A6426CF67CF00C20580 /* BOJ_2750.swift in Sources */ = {isa = PBXBuildFile; fileRef = 53BC5A6326CF67CF00C20580 /* BOJ_2750.swift */; };
		53BC5A6B26CF768000C20580 /* BOJ_2751.swift in Sources */ = {isa = PBXBuildFile; fileRef = 53BC5A6A26CF768000C20580 /* BOJ_2751.swift */; };
/* End PBXBuildFile section */

/* Begin PBXCopyFilesBuildPhase section */
		53BC5A5E26CF67CF00C20580 /* CopyFiles */ = {
			isa = PBXCopyFilesBuildPhase;
			buildActionMask = 2147483647;
			dstPath = /usr/share/man/man1/;
			dstSubfolderSpec = 0;
			files = (
			);
			runOnlyForDeploymentPostprocessing = 1;
		};
/* End PBXCopyFilesBuildPhase section */

/* Begin PBXFileReference section */
		531F13BA26D0D4270071162C /* BOJ_1427.swift */ = {isa = PBXFileReference; lastKnownFileType = sourcecode.swift; path = BOJ_1427.swift; sourceTree = "<group>"; };
		531F13BC26D36ACC0071162C /* BOJ_11650.swift */ = {isa = PBXFileReference; lastKnownFileType = sourcecode.swift; path = BOJ_11650.swift; sourceTree = "<group>"; };
		531F13BE26D378B10071162C /* BOJ_11651.swift */ = {isa = PBXFileReference; lastKnownFileType = sourcecode.swift; path = BOJ_11651.swift; sourceTree = "<group>"; };
		531F13C026D383540071162C /* BOJ_1181.swift */ = {isa = PBXFileReference; lastKnownFileType = sourcecode.swift; path = BOJ_1181.swift; sourceTree = "<group>"; };
		531F13C226D38D0B0071162C /* BOJ_10814.swift */ = {isa = PBXFileReference; lastKnownFileType = sourcecode.swift; path = BOJ_10814.swift; sourceTree = "<group>"; };
		5377A89426D0AB9E00512DCE /* BOJ_2108.swift */ = {isa = PBXFileReference; lastKnownFileType = sourcecode.swift; path = BOJ_2108.swift; sourceTree = "<group>"; };
		53BC5A6026CF67CF00C20580 /* ArrayLineup */ = {isa = PBXFileReference; explicitFileType = "compiled.mach-o.executable"; includeInIndex = 0; path = ArrayLineup; sourceTree = BUILT_PRODUCTS_DIR; };
		53BC5A6326CF67CF00C20580 /* BOJ_2750.swift */ = {isa = PBXFileReference; lastKnownFileType = sourcecode.swift; path = BOJ_2750.swift; sourceTree = "<group>"; };
		53BC5A6A26CF768000C20580 /* BOJ_2751.swift */ = {isa = PBXFileReference; lastKnownFileType = sourcecode.swift; path = BOJ_2751.swift; sourceTree = "<group>"; };
/* End PBXFileReference section */

/* Begin PBXFrameworksBuildPhase section */
		53BC5A5D26CF67CF00C20580 /* Frameworks */ = {
			isa = PBXFrameworksBuildPhase;
			buildActionMask = 2147483647;
			files = (
			);
			runOnlyForDeploymentPostprocessing = 0;
		};
/* End PBXFrameworksBuildPhase section */

/* Begin PBXGroup section */
		53BC5A5726CF67CF00C20580 = {
			isa = PBXGroup;
			children = (
				53BC5A6226CF67CF00C20580 /* ArrayLineup */,
				53BC5A6126CF67CF00C20580 /* Products */,
			);
			sourceTree = "<group>";
		};
		53BC5A6126CF67CF00C20580 /* Products */ = {
			isa = PBXGroup;
			children = (
				53BC5A6026CF67CF00C20580 /* ArrayLineup */,
			);
			name = Products;
			sourceTree = "<group>";
		};
		53BC5A6226CF67CF00C20580 /* ArrayLineup */ = {
			isa = PBXGroup;
			children = (
				53BC5A6326CF67CF00C20580 /* BOJ_2750.swift */,
				53BC5A6A26CF768000C20580 /* BOJ_2751.swift */,
				5377A89426D0AB9E00512DCE /* BOJ_2108.swift */,
				531F13BA26D0D4270071162C /* BOJ_1427.swift */,
				531F13BC26D36ACC0071162C /* BOJ_11650.swift */,
				531F13BE26D378B10071162C /* BOJ_11651.swift */,
				531F13C026D383540071162C /* BOJ_1181.swift */,
				531F13C226D38D0B0071162C /* BOJ_10814.swift */,
			);
			path = ArrayLineup;
			sourceTree = "<group>";
		};
/* End PBXGroup section */

/* Begin PBXNativeTarget section */
		53BC5A5F26CF67CF00C20580 /* ArrayLineup */ = {
			isa = PBXNativeTarget;
			buildConfigurationList = 53BC5A6726CF67CF00C20580 /* Build configuration list for PBXNativeTarget "ArrayLineup" */;
			buildPhases = (
				53BC5A5C26CF67CF00C20580 /* Sources */,
				53BC5A5D26CF67CF00C20580 /* Frameworks */,
				53BC5A5E26CF67CF00C20580 /* CopyFiles */,
			);
			buildRules = (
			);
			dependencies = (
			);
			name = ArrayLineup;
			productName = ArrayLineup;
			productReference = 53BC5A6026CF67CF00C20580 /* ArrayLineup */;
			productType = "com.apple.product-type.tool";
		};
/* End PBXNativeTarget section */

/* Begin PBXProject section */
		53BC5A5826CF67CF00C20580 /* Project object */ = {
			isa = PBXProject;
			attributes = {
				LastSwiftUpdateCheck = 1250;
				LastUpgradeCheck = 1250;
				TargetAttributes = {
					53BC5A5F26CF67CF00C20580 = {
						CreatedOnToolsVersion = 12.5.1;
					};
				};
			};
			buildConfigurationList = 53BC5A5B26CF67CF00C20580 /* Build configuration list for PBXProject "ArrayLineup" */;
			compatibilityVersion = "Xcode 9.3";
			developmentRegion = en;
			hasScannedForEncodings = 0;
			knownRegions = (
				en,
				Base,
			);
			mainGroup = 53BC5A5726CF67CF00C20580;
			productRefGroup = 53BC5A6126CF67CF00C20580 /* Products */;
			projectDirPath = "";
			projectRoot = "";
			targets = (
				53BC5A5F26CF67CF00C20580 /* ArrayLineup */,
			);
		};
/* End PBXProject section */

/* Begin PBXSourcesBuildPhase section */
		53BC5A5C26CF67CF00C20580 /* Sources */ = {
			isa = PBXSourcesBuildPhase;
			buildActionMask = 2147483647;
			files = (
				53BC5A6B26CF768000C20580 /* BOJ_2751.swift in Sources */,
				531F13C126D383540071162C /* BOJ_1181.swift in Sources */,
				531F13C326D38D0B0071162C /* BOJ_10814.swift in Sources */,
				531F13BD26D36ACC0071162C /* BOJ_11650.swift in Sources */,
				531F13BF26D378B10071162C /* BOJ_11651.swift in Sources */,
				53BC5A6426CF67CF00C20580 /* BOJ_2750.swift in Sources */,
				531F13BB26D0D4270071162C /* BOJ_1427.swift in Sources */,
				5377A89526D0AB9E00512DCE /* BOJ_2108.swift in Sources */,
			);
			runOnlyForDeploymentPostprocessing = 0;
		};
/* End PBXSourcesBuildPhase section */

/* Begin XCBuildConfiguration section */
		53BC5A6526CF67CF00C20580 /* Debug */ = {
			isa = XCBuildConfiguration;
			buildSettings = {
				ALWAYS_SEARCH_USER_PATHS = NO;
				CLANG_ANALYZER_NONNULL = YES;
				CLANG_ANALYZER_NUMBER_OBJECT_CONVERSION = YES_AGGRESSIVE;
				CLANG_CXX_LANGUAGE_STANDARD = "gnu++14";
				CLANG_CXX_LIBRARY = "libc++";
				CLANG_ENABLE_MODULES = YES;
				CLANG_ENABLE_OBJC_ARC = YES;
				CLANG_ENABLE_OBJC_WEAK = YES;
				CLANG_WARN_BLOCK_CAPTURE_AUTORELEASING = YES;
				CLANG_WARN_BOOL_CONVERSION = YES;
				CLANG_WARN_COMMA = YES;
				CLANG_WARN_CONSTANT_CONVERSION = YES;
				CLANG_WARN_DEPRECATED_OBJC_IMPLEMENTATIONS = YES;
				CLANG_WARN_DIRECT_OBJC_ISA_USAGE = YES_ERROR;
				CLANG_WARN_DOCUMENTATION_COMMENTS = YES;
				CLANG_WARN_EMPTY_BODY = YES;
				CLANG_WARN_ENUM_CONVERSION = YES;
				CLANG_WARN_INFINITE_RECURSION = YES;
				CLANG_WARN_INT_CONVERSION = YES;
				CLANG_WARN_NON_LITERAL_NULL_CONVERSION = YES;
				CLANG_WARN_OBJC_IMPLICIT_RETAIN_SELF = YES;
				CLANG_WARN_OBJC_LITERAL_CONVERSION = YES;
				CLANG_WARN_OBJC_ROOT_CLASS = YES_ERROR;
				CLANG_WARN_QUOTED_INCLUDE_IN_FRAMEWORK_HEADER = YES;
				CLANG_WARN_RANGE_LOOP_ANALYSIS = YES;
				CLANG_WARN_STRICT_PROTOTYPES = YES;
				CLANG_WARN_SUSPICIOUS_MOVE = YES;
				CLANG_WARN_UNGUARDED_AVAILABILITY = YES_AGGRESSIVE;
				CLANG_WARN_UNREACHABLE_CODE = YES;
				CLANG_WARN__DUPLICATE_METHOD_MATCH = YES;
				COPY_PHASE_STRIP = NO;
				DEBUG_INFORMATION_FORMAT = dwarf;
				ENABLE_STRICT_OBJC_MSGSEND = YES;
				ENABLE_TESTABILITY = YES;
				GCC_C_LANGUAGE_STANDARD = gnu11;
				GCC_DYNAMIC_NO_PIC = NO;
				GCC_NO_COMMON_BLOCKS = YES;
				GCC_OPTIMIZATION_LEVEL = 0;
				GCC_PREPROCESSOR_DEFINITIONS = (
					"DEBUG=1",
					"$(inherited)",
				);
				GCC_WARN_64_TO_32_BIT_CONVERSION = YES;
				GCC_WARN_ABOUT_RETURN_TYPE = YES_ERROR;
				GCC_WARN_UNDECLARED_SELECTOR = YES;
				GCC_WARN_UNINITIALIZED_AUTOS = YES_AGGRESSIVE;
				GCC_WARN_UNUSED_FUNCTION = YES;
				GCC_WARN_UNUSED_VARIABLE = YES;
				MACOSX_DEPLOYMENT_TARGET = 11.3;
				MTL_ENABLE_DEBUG_INFO = INCLUDE_SOURCE;
				MTL_FAST_MATH = YES;
				ONLY_ACTIVE_ARCH = YES;
				SDKROOT = macosx;
				SWIFT_ACTIVE_COMPILATION_CONDITIONS = DEBUG;
				SWIFT_OPTIMIZATION_LEVEL = "-Onone";
			};
			name = Debug;
		};
		53BC5A6626CF67CF00C20580 /* Release */ = {
			isa = XCBuildConfiguration;
			buildSettings = {
				ALWAYS_SEARCH_USER_PATHS = NO;
				CLANG_ANALYZER_NONNULL = YES;
				CLANG_ANALYZER_NUMBER_OBJECT_CONVERSION = YES_AGGRESSIVE;
				CLANG_CXX_LANGUAGE_STANDARD = "gnu++14";
				CLANG_CXX_LIBRARY = "libc++";
				CLANG_ENABLE_MODULES = YES;
				CLANG_ENABLE_OBJC_ARC = YES;
				CLANG_ENABLE_OBJC_WEAK = YES;
				CLANG_WARN_BLOCK_CAPTURE_AUTORELEASING = YES;
				CLANG_WARN_BOOL_CONVERSION = YES;
				CLANG_WARN_COMMA = YES;
				CLANG_WARN_CONSTANT_CONVERSION = YES;
				CLANG_WARN_DEPRECATED_OBJC_IMPLEMENTATIONS = YES;
				CLANG_WARN_DIRECT_OBJC_ISA_USAGE = YES_ERROR;
				CLANG_WARN_DOCUMENTATION_COMMENTS = YES;
				CLANG_WARN_EMPTY_BODY = YES;
				CLANG_WARN_ENUM_CONVERSION = YES;
				CLANG_WARN_INFINITE_RECURSION = YES;
				CLANG_WARN_INT_CONVERSION = YES;
				CLANG_WARN_NON_LITERAL_NULL_CONVERSION = YES;
				CLANG_WARN_OBJC_IMPLICIT_RETAIN_SELF = YES;
				CLANG_WARN_OBJC_LITERAL_CONVERSION = YES;
				CLANG_WARN_OBJC_ROOT_CLASS = YES_ERROR;
				CLANG_WARN_QUOTED_INCLUDE_IN_FRAMEWORK_HEADER = YES;
				CLANG_WARN_RANGE_LOOP_ANALYSIS = YES;
				CLANG_WARN_STRICT_PROTOTYPES = YES;
				CLANG_WARN_SUSPICIOUS_MOVE = YES;
				CLANG_WARN_UNGUARDED_AVAILABILITY = YES_AGGRESSIVE;
				CLANG_WARN_UNREACHABLE_CODE = YES;
				CLANG_WARN__DUPLICATE_METHOD_MATCH = YES;
				COPY_PHASE_STRIP = NO;
				DEBUG_INFORMATION_FORMAT = "dwarf-with-dsym";
				ENABLE_NS_ASSERTIONS = NO;
				ENABLE_STRICT_OBJC_MSGSEND = YES;
				GCC_C_LANGUAGE_STANDARD = gnu11;
				GCC_NO_COMMON_BLOCKS = YES;
				GCC_WARN_64_TO_32_BIT_CONVERSION = YES;
				GCC_WARN_ABOUT_RETURN_TYPE = YES_ERROR;
				GCC_WARN_UNDECLARED_SELECTOR = YES;
				GCC_WARN_UNINITIALIZED_AUTOS = YES_AGGRESSIVE;
				GCC_WARN_UNUSED_FUNCTION = YES;
				GCC_WARN_UNUSED_VARIABLE = YES;
				MACOSX_DEPLOYMENT_TARGET = 11.3;
				MTL_ENABLE_DEBUG_INFO = NO;
				MTL_FAST_MATH = YES;
				SDKROOT = macosx;
				SWIFT_COMPILATION_MODE = wholemodule;
				SWIFT_OPTIMIZATION_LEVEL = "-O";
			};
			name = Release;
		};
		53BC5A6826CF67CF00C20580 /* Debug */ = {
			isa = XCBuildConfiguration;
			buildSettings = {
				CODE_SIGN_STYLE = Automatic;
				DEVELOPMENT_TEAM = 5UYBRX8UM9;
				ENABLE_HARDENED_RUNTIME = YES;
				PRODUCT_NAME = "$(TARGET_NAME)";
				SWIFT_VERSION = 5.0;
			};
			name = Debug;
		};
		53BC5A6926CF67CF00C20580 /* Release */ = {
			isa = XCBuildConfiguration;
			buildSettings = {
				CODE_SIGN_STYLE = Automatic;
				DEVELOPMENT_TEAM = 5UYBRX8UM9;
				ENABLE_HARDENED_RUNTIME = YES;
				PRODUCT_NAME = "$(TARGET_NAME)";
				SWIFT_VERSION = 5.0;
			};
			name = Release;
		};
/* End XCBuildConfiguration section */

/* Begin XCConfigurationList section */
		53BC5A5B26CF67CF00C20580 /* Build configuration list for PBXProject "ArrayLineup" */ = {
			isa = XCConfigurationList;
			buildConfigurations = (
				53BC5A6526CF67CF00C20580 /* Debug */,
				53BC5A6626CF67CF00C20580 /* Release */,
			);
			defaultConfigurationIsVisible = 0;
			defaultConfigurationName = Release;
		};
		53BC5A6726CF67CF00C20580 /* Build configuration list for PBXNativeTarget "ArrayLineup" */ = {
			isa = XCConfigurationList;
			buildConfigurations = (
				53BC5A6826CF67CF00C20580 /* Debug */,
				53BC5A6926CF67CF00C20580 /* Release */,
			);
			defaultConfigurationIsVisible = 0;
			defaultConfigurationName = Release;
		};
/* End XCConfigurationList section */
	};
	rootObject = 53BC5A5826CF67CF00C20580 /* Project object */;
}
