// !$*UTF8*$!
{
	archiveVersion = 1;
	classes = {
	};
	objectVersion = 50;
	objects = {

/* Begin PBXBuildFile section */
		53017DD1272A65CB0027D91C /* BOJ_2225(합분해).swift in Sources */ = {isa = PBXBuildFile; fileRef = 53017DD0272A65CB0027D91C /* BOJ_2225(합분해).swift */; };
		530A673B273BB6FA00BFCAE0 /* BOJ_11722(가장 긴 감소하는 부분수열).swift in Sources */ = {isa = PBXBuildFile; fileRef = 530A673A273BB6FA00BFCAE0 /* BOJ_11722(가장 긴 감소하는 부분수열).swift */; };
		530F862C270BE5FB00343BA1 /* BOJ_1912(연속합).swift in Sources */ = {isa = PBXBuildFile; fileRef = 530F862B270BE5FB00343BA1 /* BOJ_1912(연속합).swift */; };
		530F862E270BF3E900343BA1 /* BOJ_14002(가장긴증가하는부분수열4).swift in Sources */ = {isa = PBXBuildFile; fileRef = 530F862D270BF3E900343BA1 /* BOJ_14002(가장긴증가하는부분수열4).swift */; };
		530FBE8326D9EB8900CF4F36 /* BOJ_1463.swift in Sources */ = {isa = PBXBuildFile; fileRef = 530FBE8226D9EB8900CF4F36 /* BOJ_1463.swift */; };
		530FBE8A26D9FDD200CF4F36 /* BOJ_11726.swift in Sources */ = {isa = PBXBuildFile; fileRef = 530FBE8926D9FDD200CF4F36 /* BOJ_11726.swift */; };
		530FBE8C26DA58E500CF4F36 /* BOJ_11727.swift in Sources */ = {isa = PBXBuildFile; fileRef = 530FBE8B26DA58E500CF4F36 /* BOJ_11727.swift */; };
		530FBE8E26DB362100CF4F36 /* BOJ_9095.swift in Sources */ = {isa = PBXBuildFile; fileRef = 530FBE8D26DB362100CF4F36 /* BOJ_9095.swift */; };
		534846E9273CF80E0005229A /* BOJ_2133(타일채우기).swift in Sources */ = {isa = PBXBuildFile; fileRef = 534846E8273CF80E0005229A /* BOJ_2133(타일채우기).swift */; };
		53529EA326E710D000CFA833 /* BOJ_2193(이친수).swift in Sources */ = {isa = PBXBuildFile; fileRef = 53529EA226E710D000CFA833 /* BOJ_2193(이친수).swift */; };
		53529EA526E727D700CFA833 /* BOJ_11053(가장긴증가하는부분수열).swift in Sources */ = {isa = PBXBuildFile; fileRef = 53529EA426E727D700CFA833 /* BOJ_11053(가장긴증가하는부분수열).swift */; };
		5354707126DCF0AF00B811CE /* BOJ_11052(카드 구매하기).swift in Sources */ = {isa = PBXBuildFile; fileRef = 5354707026DCF0AF00B811CE /* BOJ_11052(카드 구매하기).swift */; };
		535DE60D2739FD3E001064BD /* BOJ_1932(정수삼각형).swift in Sources */ = {isa = PBXBuildFile; fileRef = 535DE60C2739FD3E001064BD /* BOJ_1932(정수삼각형).swift */; };
		537BD964270EC34000735CC7 /* BOJ_1699(제곱수의 합).swift in Sources */ = {isa = PBXBuildFile; fileRef = 537BD963270EC34000735CC7 /* BOJ_1699(제곱수의 합).swift */; };
		538DE14D273B72B8005986E8 /* BOJ_11055(가장 큰 증가 부분 수열).swift in Sources */ = {isa = PBXBuildFile; fileRef = 538DE14C273B72B8005986E8 /* BOJ_11055(가장 큰 증가 부분 수열).swift */; };
		539436242733CFC4009889BD /* BOJ_1303(동물원).swift in Sources */ = {isa = PBXBuildFile; fileRef = 539436232733CFC4009889BD /* BOJ_1303(동물원).swift */; };
		5394362D2734C581009889BD /* BOJ_11057(오르막 수).swift in Sources */ = {isa = PBXBuildFile; fileRef = 5394362C2734C581009889BD /* BOJ_11057(오르막 수).swift */; };
		53A79F202738BC23000C4C68 /* BOJ_2156(포도주 시식).swift in Sources */ = {isa = PBXBuildFile; fileRef = 53A79F1F2738BC23000C4C68 /* BOJ_2156(포도주 시식).swift */; };
		53B8363F26DF118A002D817E /* BOJ_10844.swift in Sources */ = {isa = PBXBuildFile; fileRef = 53B8363E26DF118A002D817E /* BOJ_10844.swift */; };
		53BF6CEC26DDB8710021671C /* BOJ_16194.swift in Sources */ = {isa = PBXBuildFile; fileRef = 53BF6CEB26DDB8710021671C /* BOJ_16194.swift */; };
		53BF6CEE26DDBC120021671C /* BOJ_15990(1,2,3더하기5).swift in Sources */ = {isa = PBXBuildFile; fileRef = 53BF6CED26DDBC120021671C /* BOJ_15990(1,2,3더하기5).swift */; };
		53C68CFC2730BE9D00EFFF5E /* BOJ_15988(1,2,3더하기3).swift in Sources */ = {isa = PBXBuildFile; fileRef = 53C68CFB2730BE9D00EFFF5E /* BOJ_15988(1,2,3더하기3).swift */; };
		53C68CFE2730C88400EFFF5E /* BOJ_1149(RGB거리).swift in Sources */ = {isa = PBXBuildFile; fileRef = 53C68CFD2730C88400EFFF5E /* BOJ_1149(RGB거리).swift */; };
		53F546FC270FED8700CAA552 /* BOJ_14051(퇴사).swift in Sources */ = {isa = PBXBuildFile; fileRef = 53F546FB270FED8700CAA552 /* BOJ_14051(퇴사).swift */; };
/* End PBXBuildFile section */

/* Begin PBXCopyFilesBuildPhase section */
		530FBE7D26D9EB8900CF4F36 /* CopyFiles */ = {
			isa = PBXCopyFilesBuildPhase;
			buildActionMask = 2147483647;
			dstPath = /usr/share/man/man1/;
			dstSubfolderSpec = 0;
			files = (
			);
			runOnlyForDeploymentPostprocessing = 1;
		};
/* End PBXCopyFilesBuildPhase section */

/* Begin PBXFileReference section */
		53017DD0272A65CB0027D91C /* BOJ_2225(합분해).swift */ = {isa = PBXFileReference; lastKnownFileType = sourcecode.swift; path = "BOJ_2225(합분해).swift"; sourceTree = "<group>"; };
		530A673A273BB6FA00BFCAE0 /* BOJ_11722(가장 긴 감소하는 부분수열).swift */ = {isa = PBXFileReference; lastKnownFileType = sourcecode.swift; path = "BOJ_11722(가장 긴 감소하는 부분수열).swift"; sourceTree = "<group>"; };
		530F862B270BE5FB00343BA1 /* BOJ_1912(연속합).swift */ = {isa = PBXFileReference; lastKnownFileType = sourcecode.swift; path = "BOJ_1912(연속합).swift"; sourceTree = "<group>"; };
		530F862D270BF3E900343BA1 /* BOJ_14002(가장긴증가하는부분수열4).swift */ = {isa = PBXFileReference; lastKnownFileType = sourcecode.swift; path = "BOJ_14002(가장긴증가하는부분수열4).swift"; sourceTree = "<group>"; };
		530FBE7F26D9EB8900CF4F36 /* DP */ = {isa = PBXFileReference; explicitFileType = "compiled.mach-o.executable"; includeInIndex = 0; path = DP; sourceTree = BUILT_PRODUCTS_DIR; };
		530FBE8226D9EB8900CF4F36 /* BOJ_1463.swift */ = {isa = PBXFileReference; lastKnownFileType = sourcecode.swift; path = BOJ_1463.swift; sourceTree = "<group>"; };
		530FBE8926D9FDD200CF4F36 /* BOJ_11726.swift */ = {isa = PBXFileReference; lastKnownFileType = sourcecode.swift; path = BOJ_11726.swift; sourceTree = "<group>"; };
		530FBE8B26DA58E500CF4F36 /* BOJ_11727.swift */ = {isa = PBXFileReference; lastKnownFileType = sourcecode.swift; path = BOJ_11727.swift; sourceTree = "<group>"; };
		530FBE8D26DB362100CF4F36 /* BOJ_9095.swift */ = {isa = PBXFileReference; lastKnownFileType = sourcecode.swift; path = BOJ_9095.swift; sourceTree = "<group>"; };
		534846E8273CF80E0005229A /* BOJ_2133(타일채우기).swift */ = {isa = PBXFileReference; lastKnownFileType = sourcecode.swift; path = "BOJ_2133(타일채우기).swift"; sourceTree = "<group>"; };
		53529EA226E710D000CFA833 /* BOJ_2193(이친수).swift */ = {isa = PBXFileReference; lastKnownFileType = sourcecode.swift; path = "BOJ_2193(이친수).swift"; sourceTree = "<group>"; };
		53529EA426E727D700CFA833 /* BOJ_11053(가장긴증가하는부분수열).swift */ = {isa = PBXFileReference; lastKnownFileType = sourcecode.swift; path = "BOJ_11053(가장긴증가하는부분수열).swift"; sourceTree = "<group>"; };
		5354707026DCF0AF00B811CE /* BOJ_11052(카드 구매하기).swift */ = {isa = PBXFileReference; lastKnownFileType = sourcecode.swift; path = "BOJ_11052(카드 구매하기).swift"; sourceTree = "<group>"; };
		535DE60C2739FD3E001064BD /* BOJ_1932(정수삼각형).swift */ = {isa = PBXFileReference; lastKnownFileType = sourcecode.swift; path = "BOJ_1932(정수삼각형).swift"; sourceTree = "<group>"; };
		537BD963270EC34000735CC7 /* BOJ_1699(제곱수의 합).swift */ = {isa = PBXFileReference; lastKnownFileType = sourcecode.swift; path = "BOJ_1699(제곱수의 합).swift"; sourceTree = "<group>"; };
		538DE14C273B72B8005986E8 /* BOJ_11055(가장 큰 증가 부분 수열).swift */ = {isa = PBXFileReference; lastKnownFileType = sourcecode.swift; path = "BOJ_11055(가장 큰 증가 부분 수열).swift"; sourceTree = "<group>"; };
		539436232733CFC4009889BD /* BOJ_1303(동물원).swift */ = {isa = PBXFileReference; lastKnownFileType = sourcecode.swift; path = "BOJ_1303(동물원).swift"; sourceTree = "<group>"; };
		5394362C2734C581009889BD /* BOJ_11057(오르막 수).swift */ = {isa = PBXFileReference; lastKnownFileType = sourcecode.swift; path = "BOJ_11057(오르막 수).swift"; sourceTree = "<group>"; };
		53A79F1F2738BC23000C4C68 /* BOJ_2156(포도주 시식).swift */ = {isa = PBXFileReference; lastKnownFileType = sourcecode.swift; path = "BOJ_2156(포도주 시식).swift"; sourceTree = "<group>"; };
		53B8363E26DF118A002D817E /* BOJ_10844.swift */ = {isa = PBXFileReference; lastKnownFileType = sourcecode.swift; path = BOJ_10844.swift; sourceTree = "<group>"; };
		53BF6CEB26DDB8710021671C /* BOJ_16194.swift */ = {isa = PBXFileReference; lastKnownFileType = sourcecode.swift; path = BOJ_16194.swift; sourceTree = "<group>"; };
		53BF6CED26DDBC120021671C /* BOJ_15990(1,2,3더하기5).swift */ = {isa = PBXFileReference; lastKnownFileType = sourcecode.swift; path = "BOJ_15990(1,2,3더하기5).swift"; sourceTree = "<group>"; };
		53C68CFB2730BE9D00EFFF5E /* BOJ_15988(1,2,3더하기3).swift */ = {isa = PBXFileReference; lastKnownFileType = sourcecode.swift; path = "BOJ_15988(1,2,3더하기3).swift"; sourceTree = "<group>"; };
		53C68CFD2730C88400EFFF5E /* BOJ_1149(RGB거리).swift */ = {isa = PBXFileReference; lastKnownFileType = sourcecode.swift; path = "BOJ_1149(RGB거리).swift"; sourceTree = "<group>"; };
		53F546FB270FED8700CAA552 /* BOJ_14051(퇴사).swift */ = {isa = PBXFileReference; lastKnownFileType = sourcecode.swift; path = "BOJ_14051(퇴사).swift"; sourceTree = "<group>"; };
/* End PBXFileReference section */

/* Begin PBXFrameworksBuildPhase section */
		530FBE7C26D9EB8900CF4F36 /* Frameworks */ = {
			isa = PBXFrameworksBuildPhase;
			buildActionMask = 2147483647;
			files = (
			);
			runOnlyForDeploymentPostprocessing = 0;
		};
/* End PBXFrameworksBuildPhase section */

/* Begin PBXGroup section */
		530FBE7626D9EB8900CF4F36 = {
			isa = PBXGroup;
			children = (
				530FBE8126D9EB8900CF4F36 /* DP */,
				530FBE8026D9EB8900CF4F36 /* Products */,
			);
			sourceTree = "<group>";
		};
		530FBE8026D9EB8900CF4F36 /* Products */ = {
			isa = PBXGroup;
			children = (
				530FBE7F26D9EB8900CF4F36 /* DP */,
			);
			name = Products;
			sourceTree = "<group>";
		};
		530FBE8126D9EB8900CF4F36 /* DP */ = {
			isa = PBXGroup;
			children = (
				530FBE8226D9EB8900CF4F36 /* BOJ_1463.swift */,
				530FBE8926D9FDD200CF4F36 /* BOJ_11726.swift */,
				530FBE8B26DA58E500CF4F36 /* BOJ_11727.swift */,
				530FBE8D26DB362100CF4F36 /* BOJ_9095.swift */,
				5354707026DCF0AF00B811CE /* BOJ_11052(카드 구매하기).swift */,
				53BF6CEB26DDB8710021671C /* BOJ_16194.swift */,
				53BF6CED26DDBC120021671C /* BOJ_15990(1,2,3더하기5).swift */,
				53B8363E26DF118A002D817E /* BOJ_10844.swift */,
				53529EA226E710D000CFA833 /* BOJ_2193(이친수).swift */,
				53529EA426E727D700CFA833 /* BOJ_11053(가장긴증가하는부분수열).swift */,
				530F862B270BE5FB00343BA1 /* BOJ_1912(연속합).swift */,
				530F862D270BF3E900343BA1 /* BOJ_14002(가장긴증가하는부분수열4).swift */,
				537BD963270EC34000735CC7 /* BOJ_1699(제곱수의 합).swift */,
				53F546FB270FED8700CAA552 /* BOJ_14051(퇴사).swift */,
				53017DD0272A65CB0027D91C /* BOJ_2225(합분해).swift */,
				53C68CFB2730BE9D00EFFF5E /* BOJ_15988(1,2,3더하기3).swift */,
				53C68CFD2730C88400EFFF5E /* BOJ_1149(RGB거리).swift */,
				539436232733CFC4009889BD /* BOJ_1303(동물원).swift */,
				5394362C2734C581009889BD /* BOJ_11057(오르막 수).swift */,
				53A79F1F2738BC23000C4C68 /* BOJ_2156(포도주 시식).swift */,
				535DE60C2739FD3E001064BD /* BOJ_1932(정수삼각형).swift */,
				538DE14C273B72B8005986E8 /* BOJ_11055(가장 큰 증가 부분 수열).swift */,
				530A673A273BB6FA00BFCAE0 /* BOJ_11722(가장 긴 감소하는 부분수열).swift */,
				534846E8273CF80E0005229A /* BOJ_2133(타일채우기).swift */,
			);
			path = DP;
			sourceTree = "<group>";
		};
/* End PBXGroup section */

/* Begin PBXNativeTarget section */
		530FBE7E26D9EB8900CF4F36 /* DP */ = {
			isa = PBXNativeTarget;
			buildConfigurationList = 530FBE8626D9EB8900CF4F36 /* Build configuration list for PBXNativeTarget "DP" */;
			buildPhases = (
				530FBE7B26D9EB8900CF4F36 /* Sources */,
				530FBE7C26D9EB8900CF4F36 /* Frameworks */,
				530FBE7D26D9EB8900CF4F36 /* CopyFiles */,
			);
			buildRules = (
			);
			dependencies = (
			);
			name = DP;
			productName = DP;
			productReference = 530FBE7F26D9EB8900CF4F36 /* DP */;
			productType = "com.apple.product-type.tool";
		};
/* End PBXNativeTarget section */

/* Begin PBXProject section */
		530FBE7726D9EB8900CF4F36 /* Project object */ = {
			isa = PBXProject;
			attributes = {
				LastSwiftUpdateCheck = 1250;
				LastUpgradeCheck = 1250;
				TargetAttributes = {
					530FBE7E26D9EB8900CF4F36 = {
						CreatedOnToolsVersion = 12.5.1;
					};
				};
			};
			buildConfigurationList = 530FBE7A26D9EB8900CF4F36 /* Build configuration list for PBXProject "DP" */;
			compatibilityVersion = "Xcode 9.3";
			developmentRegion = en;
			hasScannedForEncodings = 0;
			knownRegions = (
				en,
				Base,
			);
			mainGroup = 530FBE7626D9EB8900CF4F36;
			productRefGroup = 530FBE8026D9EB8900CF4F36 /* Products */;
			projectDirPath = "";
			projectRoot = "";
			targets = (
				530FBE7E26D9EB8900CF4F36 /* DP */,
			);
		};
/* End PBXProject section */

/* Begin PBXSourcesBuildPhase section */
		530FBE7B26D9EB8900CF4F36 /* Sources */ = {
			isa = PBXSourcesBuildPhase;
			buildActionMask = 2147483647;
			files = (
				534846E9273CF80E0005229A /* BOJ_2133(타일채우기).swift in Sources */,
				530FBE8A26D9FDD200CF4F36 /* BOJ_11726.swift in Sources */,
				537BD964270EC34000735CC7 /* BOJ_1699(제곱수의 합).swift in Sources */,
				530A673B273BB6FA00BFCAE0 /* BOJ_11722(가장 긴 감소하는 부분수열).swift in Sources */,
				539436242733CFC4009889BD /* BOJ_1303(동물원).swift in Sources */,
				53C68CFE2730C88400EFFF5E /* BOJ_1149(RGB거리).swift in Sources */,
				530F862E270BF3E900343BA1 /* BOJ_14002(가장긴증가하는부분수열4).swift in Sources */,
				53BF6CEE26DDBC120021671C /* BOJ_15990(1,2,3더하기5).swift in Sources */,
				53A79F202738BC23000C4C68 /* BOJ_2156(포도주 시식).swift in Sources */,
				530F862C270BE5FB00343BA1 /* BOJ_1912(연속합).swift in Sources */,
				535DE60D2739FD3E001064BD /* BOJ_1932(정수삼각형).swift in Sources */,
				53529EA326E710D000CFA833 /* BOJ_2193(이친수).swift in Sources */,
				5354707126DCF0AF00B811CE /* BOJ_11052(카드 구매하기).swift in Sources */,
				53B8363F26DF118A002D817E /* BOJ_10844.swift in Sources */,
				53F546FC270FED8700CAA552 /* BOJ_14051(퇴사).swift in Sources */,
				53BF6CEC26DDB8710021671C /* BOJ_16194.swift in Sources */,
				53C68CFC2730BE9D00EFFF5E /* BOJ_15988(1,2,3더하기3).swift in Sources */,
				53529EA526E727D700CFA833 /* BOJ_11053(가장긴증가하는부분수열).swift in Sources */,
				53017DD1272A65CB0027D91C /* BOJ_2225(합분해).swift in Sources */,
				5394362D2734C581009889BD /* BOJ_11057(오르막 수).swift in Sources */,
				538DE14D273B72B8005986E8 /* BOJ_11055(가장 큰 증가 부분 수열).swift in Sources */,
				530FBE8E26DB362100CF4F36 /* BOJ_9095.swift in Sources */,
				530FBE8326D9EB8900CF4F36 /* BOJ_1463.swift in Sources */,
				530FBE8C26DA58E500CF4F36 /* BOJ_11727.swift in Sources */,
			);
			runOnlyForDeploymentPostprocessing = 0;
		};
/* End PBXSourcesBuildPhase section */

/* Begin XCBuildConfiguration section */
		530FBE8426D9EB8900CF4F36 /* Debug */ = {
			isa = XCBuildConfiguration;
			buildSettings = {
				ALWAYS_SEARCH_USER_PATHS = NO;
				CLANG_ANALYZER_NONNULL = YES;
				CLANG_ANALYZER_NUMBER_OBJECT_CONVERSION = YES_AGGRESSIVE;
				CLANG_CXX_LANGUAGE_STANDARD = "gnu++14";
				CLANG_CXX_LIBRARY = "libc++";
				CLANG_ENABLE_MODULES = YES;
				CLANG_ENABLE_OBJC_ARC = YES;
				CLANG_ENABLE_OBJC_WEAK = YES;
				CLANG_WARN_BLOCK_CAPTURE_AUTORELEASING = YES;
				CLANG_WARN_BOOL_CONVERSION = YES;
				CLANG_WARN_COMMA = YES;
				CLANG_WARN_CONSTANT_CONVERSION = YES;
				CLANG_WARN_DEPRECATED_OBJC_IMPLEMENTATIONS = YES;
				CLANG_WARN_DIRECT_OBJC_ISA_USAGE = YES_ERROR;
				CLANG_WARN_DOCUMENTATION_COMMENTS = YES;
				CLANG_WARN_EMPTY_BODY = YES;
				CLANG_WARN_ENUM_CONVERSION = YES;
				CLANG_WARN_INFINITE_RECURSION = YES;
				CLANG_WARN_INT_CONVERSION = YES;
				CLANG_WARN_NON_LITERAL_NULL_CONVERSION = YES;
				CLANG_WARN_OBJC_IMPLICIT_RETAIN_SELF = YES;
				CLANG_WARN_OBJC_LITERAL_CONVERSION = YES;
				CLANG_WARN_OBJC_ROOT_CLASS = YES_ERROR;
				CLANG_WARN_QUOTED_INCLUDE_IN_FRAMEWORK_HEADER = YES;
				CLANG_WARN_RANGE_LOOP_ANALYSIS = YES;
				CLANG_WARN_STRICT_PROTOTYPES = YES;
				CLANG_WARN_SUSPICIOUS_MOVE = YES;
				CLANG_WARN_UNGUARDED_AVAILABILITY = YES_AGGRESSIVE;
				CLANG_WARN_UNREACHABLE_CODE = YES;
				CLANG_WARN__DUPLICATE_METHOD_MATCH = YES;
				COPY_PHASE_STRIP = NO;
				DEBUG_INFORMATION_FORMAT = dwarf;
				ENABLE_STRICT_OBJC_MSGSEND = YES;
				ENABLE_TESTABILITY = YES;
				GCC_C_LANGUAGE_STANDARD = gnu11;
				GCC_DYNAMIC_NO_PIC = NO;
				GCC_NO_COMMON_BLOCKS = YES;
				GCC_OPTIMIZATION_LEVEL = 0;
				GCC_PREPROCESSOR_DEFINITIONS = (
					"DEBUG=1",
					"$(inherited)",
				);
				GCC_WARN_64_TO_32_BIT_CONVERSION = YES;
				GCC_WARN_ABOUT_RETURN_TYPE = YES_ERROR;
				GCC_WARN_UNDECLARED_SELECTOR = YES;
				GCC_WARN_UNINITIALIZED_AUTOS = YES_AGGRESSIVE;
				GCC_WARN_UNUSED_FUNCTION = YES;
				GCC_WARN_UNUSED_VARIABLE = YES;
				MACOSX_DEPLOYMENT_TARGET = 11.3;
				MTL_ENABLE_DEBUG_INFO = INCLUDE_SOURCE;
				MTL_FAST_MATH = YES;
				ONLY_ACTIVE_ARCH = YES;
				SDKROOT = macosx;
				SWIFT_ACTIVE_COMPILATION_CONDITIONS = DEBUG;
				SWIFT_OPTIMIZATION_LEVEL = "-Onone";
			};
			name = Debug;
		};
		530FBE8526D9EB8900CF4F36 /* Release */ = {
			isa = XCBuildConfiguration;
			buildSettings = {
				ALWAYS_SEARCH_USER_PATHS = NO;
				CLANG_ANALYZER_NONNULL = YES;
				CLANG_ANALYZER_NUMBER_OBJECT_CONVERSION = YES_AGGRESSIVE;
				CLANG_CXX_LANGUAGE_STANDARD = "gnu++14";
				CLANG_CXX_LIBRARY = "libc++";
				CLANG_ENABLE_MODULES = YES;
				CLANG_ENABLE_OBJC_ARC = YES;
				CLANG_ENABLE_OBJC_WEAK = YES;
				CLANG_WARN_BLOCK_CAPTURE_AUTORELEASING = YES;
				CLANG_WARN_BOOL_CONVERSION = YES;
				CLANG_WARN_COMMA = YES;
				CLANG_WARN_CONSTANT_CONVERSION = YES;
				CLANG_WARN_DEPRECATED_OBJC_IMPLEMENTATIONS = YES;
				CLANG_WARN_DIRECT_OBJC_ISA_USAGE = YES_ERROR;
				CLANG_WARN_DOCUMENTATION_COMMENTS = YES;
				CLANG_WARN_EMPTY_BODY = YES;
				CLANG_WARN_ENUM_CONVERSION = YES;
				CLANG_WARN_INFINITE_RECURSION = YES;
				CLANG_WARN_INT_CONVERSION = YES;
				CLANG_WARN_NON_LITERAL_NULL_CONVERSION = YES;
				CLANG_WARN_OBJC_IMPLICIT_RETAIN_SELF = YES;
				CLANG_WARN_OBJC_LITERAL_CONVERSION = YES;
				CLANG_WARN_OBJC_ROOT_CLASS = YES_ERROR;
				CLANG_WARN_QUOTED_INCLUDE_IN_FRAMEWORK_HEADER = YES;
				CLANG_WARN_RANGE_LOOP_ANALYSIS = YES;
				CLANG_WARN_STRICT_PROTOTYPES = YES;
				CLANG_WARN_SUSPICIOUS_MOVE = YES;
				CLANG_WARN_UNGUARDED_AVAILABILITY = YES_AGGRESSIVE;
				CLANG_WARN_UNREACHABLE_CODE = YES;
				CLANG_WARN__DUPLICATE_METHOD_MATCH = YES;
				COPY_PHASE_STRIP = NO;
				DEBUG_INFORMATION_FORMAT = "dwarf-with-dsym";
				ENABLE_NS_ASSERTIONS = NO;
				ENABLE_STRICT_OBJC_MSGSEND = YES;
				GCC_C_LANGUAGE_STANDARD = gnu11;
				GCC_NO_COMMON_BLOCKS = YES;
				GCC_WARN_64_TO_32_BIT_CONVERSION = YES;
				GCC_WARN_ABOUT_RETURN_TYPE = YES_ERROR;
				GCC_WARN_UNDECLARED_SELECTOR = YES;
				GCC_WARN_UNINITIALIZED_AUTOS = YES_AGGRESSIVE;
				GCC_WARN_UNUSED_FUNCTION = YES;
				GCC_WARN_UNUSED_VARIABLE = YES;
				MACOSX_DEPLOYMENT_TARGET = 11.3;
				MTL_ENABLE_DEBUG_INFO = NO;
				MTL_FAST_MATH = YES;
				SDKROOT = macosx;
				SWIFT_COMPILATION_MODE = wholemodule;
				SWIFT_OPTIMIZATION_LEVEL = "-O";
			};
			name = Release;
		};
		530FBE8726D9EB8900CF4F36 /* Debug */ = {
			isa = XCBuildConfiguration;
			buildSettings = {
				CODE_SIGN_STYLE = Automatic;
				DEVELOPMENT_TEAM = 5UYBRX8UM9;
				ENABLE_HARDENED_RUNTIME = YES;
				PRODUCT_NAME = "$(TARGET_NAME)";
				SWIFT_VERSION = 5.0;
			};
			name = Debug;
		};
		530FBE8826D9EB8900CF4F36 /* Release */ = {
			isa = XCBuildConfiguration;
			buildSettings = {
				CODE_SIGN_STYLE = Automatic;
				DEVELOPMENT_TEAM = 5UYBRX8UM9;
				ENABLE_HARDENED_RUNTIME = YES;
				PRODUCT_NAME = "$(TARGET_NAME)";
				SWIFT_VERSION = 5.0;
			};
			name = Release;
		};
/* End XCBuildConfiguration section */

/* Begin XCConfigurationList section */
		530FBE7A26D9EB8900CF4F36 /* Build configuration list for PBXProject "DP" */ = {
			isa = XCConfigurationList;
			buildConfigurations = (
				530FBE8426D9EB8900CF4F36 /* Debug */,
				530FBE8526D9EB8900CF4F36 /* Release */,
			);
			defaultConfigurationIsVisible = 0;
			defaultConfigurationName = Release;
		};
		530FBE8626D9EB8900CF4F36 /* Build configuration list for PBXNativeTarget "DP" */ = {
			isa = XCConfigurationList;
			buildConfigurations = (
				530FBE8726D9EB8900CF4F36 /* Debug */,
				530FBE8826D9EB8900CF4F36 /* Release */,
			);
			defaultConfigurationIsVisible = 0;
			defaultConfigurationName = Release;
		};
/* End XCConfigurationList section */
	};
	rootObject = 530FBE7726D9EB8900CF4F36 /* Project object */;
}
