// !$*UTF8*$!
{
	archiveVersion = 1;
	classes = {
	};
	objectVersion = 50;
	objects = {

/* Begin PBXBuildFile section */
		536C302526E9D48E0052F1F1 /* BOJ_10828(스택).swift in Sources */ = {isa = PBXBuildFile; fileRef = 536C302426E9D48E0052F1F1 /* BOJ_10828(스택).swift */; };
		536C302C26E9DE8C0052F1F1 /* BOJ_1260(DFS&BFS).swift in Sources */ = {isa = PBXBuildFile; fileRef = 536C302B26E9DE8C0052F1F1 /* BOJ_1260(DFS&BFS).swift */; };
		53F6E33626FEEAE90018F742 /* BOJ_13023(ABCDE).swift in Sources */ = {isa = PBXBuildFile; fileRef = 53F6E33526FEEAE90018F742 /* BOJ_13023(ABCDE).swift */; };
/* End PBXBuildFile section */

/* Begin PBXCopyFilesBuildPhase section */
		536C301F26E9D48E0052F1F1 /* CopyFiles */ = {
			isa = PBXCopyFilesBuildPhase;
			buildActionMask = 2147483647;
			dstPath = /usr/share/man/man1/;
			dstSubfolderSpec = 0;
			files = (
			);
			runOnlyForDeploymentPostprocessing = 1;
		};
/* End PBXCopyFilesBuildPhase section */

/* Begin PBXFileReference section */
		536C302126E9D48E0052F1F1 /* DFS&BFS */ = {isa = PBXFileReference; explicitFileType = "compiled.mach-o.executable"; includeInIndex = 0; path = "DFS&BFS"; sourceTree = BUILT_PRODUCTS_DIR; };
		536C302426E9D48E0052F1F1 /* BOJ_10828(스택).swift */ = {isa = PBXFileReference; lastKnownFileType = sourcecode.swift; path = "BOJ_10828(스택).swift"; sourceTree = "<group>"; };
		536C302B26E9DE8C0052F1F1 /* BOJ_1260(DFS&BFS).swift */ = {isa = PBXFileReference; lastKnownFileType = sourcecode.swift; path = "BOJ_1260(DFS&BFS).swift"; sourceTree = "<group>"; };
		53F6E33526FEEAE90018F742 /* BOJ_13023(ABCDE).swift */ = {isa = PBXFileReference; lastKnownFileType = sourcecode.swift; path = "BOJ_13023(ABCDE).swift"; sourceTree = "<group>"; };
/* End PBXFileReference section */

/* Begin PBXFrameworksBuildPhase section */
		536C301E26E9D48E0052F1F1 /* Frameworks */ = {
			isa = PBXFrameworksBuildPhase;
			buildActionMask = 2147483647;
			files = (
			);
			runOnlyForDeploymentPostprocessing = 0;
		};
/* End PBXFrameworksBuildPhase section */

/* Begin PBXGroup section */
		536C301826E9D48E0052F1F1 = {
			isa = PBXGroup;
			children = (
				536C302326E9D48E0052F1F1 /* DFS&BFS */,
				536C302226E9D48E0052F1F1 /* Products */,
			);
			sourceTree = "<group>";
		};
		536C302226E9D48E0052F1F1 /* Products */ = {
			isa = PBXGroup;
			children = (
				536C302126E9D48E0052F1F1 /* DFS&BFS */,
			);
			name = Products;
			sourceTree = "<group>";
		};
		536C302326E9D48E0052F1F1 /* DFS&BFS */ = {
			isa = PBXGroup;
			children = (
				536C302426E9D48E0052F1F1 /* BOJ_10828(스택).swift */,
				536C302B26E9DE8C0052F1F1 /* BOJ_1260(DFS&BFS).swift */,
				53F6E33526FEEAE90018F742 /* BOJ_13023(ABCDE).swift */,
			);
			path = "DFS&BFS";
			sourceTree = "<group>";
		};
/* End PBXGroup section */

/* Begin PBXNativeTarget section */
		536C302026E9D48E0052F1F1 /* DFS&BFS */ = {
			isa = PBXNativeTarget;
			buildConfigurationList = 536C302826E9D48E0052F1F1 /* Build configuration list for PBXNativeTarget "DFS&BFS" */;
			buildPhases = (
				536C301D26E9D48E0052F1F1 /* Sources */,
				536C301E26E9D48E0052F1F1 /* Frameworks */,
				536C301F26E9D48E0052F1F1 /* CopyFiles */,
			);
			buildRules = (
			);
			dependencies = (
			);
			name = "DFS&BFS";
			productName = "DFS&BFS";
			productReference = 536C302126E9D48E0052F1F1 /* DFS&BFS */;
			productType = "com.apple.product-type.tool";
		};
/* End PBXNativeTarget section */

/* Begin PBXProject section */
		536C301926E9D48E0052F1F1 /* Project object */ = {
			isa = PBXProject;
			attributes = {
				LastSwiftUpdateCheck = 1250;
				LastUpgradeCheck = 1250;
				TargetAttributes = {
					536C302026E9D48E0052F1F1 = {
						CreatedOnToolsVersion = 12.5.1;
					};
				};
			};
			buildConfigurationList = 536C301C26E9D48E0052F1F1 /* Build configuration list for PBXProject "DFS&BFS" */;
			compatibilityVersion = "Xcode 9.3";
			developmentRegion = en;
			hasScannedForEncodings = 0;
			knownRegions = (
				en,
				Base,
			);
			mainGroup = 536C301826E9D48E0052F1F1;
			productRefGroup = 536C302226E9D48E0052F1F1 /* Products */;
			projectDirPath = "";
			projectRoot = "";
			targets = (
				536C302026E9D48E0052F1F1 /* DFS&BFS */,
			);
		};
/* End PBXProject section */

/* Begin PBXSourcesBuildPhase section */
		536C301D26E9D48E0052F1F1 /* Sources */ = {
			isa = PBXSourcesBuildPhase;
			buildActionMask = 2147483647;
			files = (
				536C302C26E9DE8C0052F1F1 /* BOJ_1260(DFS&BFS).swift in Sources */,
				536C302526E9D48E0052F1F1 /* BOJ_10828(스택).swift in Sources */,
				53F6E33626FEEAE90018F742 /* BOJ_13023(ABCDE).swift in Sources */,
			);
			runOnlyForDeploymentPostprocessing = 0;
		};
/* End PBXSourcesBuildPhase section */

/* Begin XCBuildConfiguration section */
		536C302626E9D48E0052F1F1 /* Debug */ = {
			isa = XCBuildConfiguration;
			buildSettings = {
				ALWAYS_SEARCH_USER_PATHS = NO;
				CLANG_ANALYZER_NONNULL = YES;
				CLANG_ANALYZER_NUMBER_OBJECT_CONVERSION = YES_AGGRESSIVE;
				CLANG_CXX_LANGUAGE_STANDARD = "gnu++14";
				CLANG_CXX_LIBRARY = "libc++";
				CLANG_ENABLE_MODULES = YES;
				CLANG_ENABLE_OBJC_ARC = YES;
				CLANG_ENABLE_OBJC_WEAK = YES;
				CLANG_WARN_BLOCK_CAPTURE_AUTORELEASING = YES;
				CLANG_WARN_BOOL_CONVERSION = YES;
				CLANG_WARN_COMMA = YES;
				CLANG_WARN_CONSTANT_CONVERSION = YES;
				CLANG_WARN_DEPRECATED_OBJC_IMPLEMENTATIONS = YES;
				CLANG_WARN_DIRECT_OBJC_ISA_USAGE = YES_ERROR;
				CLANG_WARN_DOCUMENTATION_COMMENTS = YES;
				CLANG_WARN_EMPTY_BODY = YES;
				CLANG_WARN_ENUM_CONVERSION = YES;
				CLANG_WARN_INFINITE_RECURSION = YES;
				CLANG_WARN_INT_CONVERSION = YES;
				CLANG_WARN_NON_LITERAL_NULL_CONVERSION = YES;
				CLANG_WARN_OBJC_IMPLICIT_RETAIN_SELF = YES;
				CLANG_WARN_OBJC_LITERAL_CONVERSION = YES;
				CLANG_WARN_OBJC_ROOT_CLASS = YES_ERROR;
				CLANG_WARN_QUOTED_INCLUDE_IN_FRAMEWORK_HEADER = YES;
				CLANG_WARN_RANGE_LOOP_ANALYSIS = YES;
				CLANG_WARN_STRICT_PROTOTYPES = YES;
				CLANG_WARN_SUSPICIOUS_MOVE = YES;
				CLANG_WARN_UNGUARDED_AVAILABILITY = YES_AGGRESSIVE;
				CLANG_WARN_UNREACHABLE_CODE = YES;
				CLANG_WARN__DUPLICATE_METHOD_MATCH = YES;
				COPY_PHASE_STRIP = NO;
				DEBUG_INFORMATION_FORMAT = dwarf;
				ENABLE_STRICT_OBJC_MSGSEND = YES;
				ENABLE_TESTABILITY = YES;
				GCC_C_LANGUAGE_STANDARD = gnu11;
				GCC_DYNAMIC_NO_PIC = NO;
				GCC_NO_COMMON_BLOCKS = YES;
				GCC_OPTIMIZATION_LEVEL = 0;
				GCC_PREPROCESSOR_DEFINITIONS = (
					"DEBUG=1",
					"$(inherited)",
				);
				GCC_WARN_64_TO_32_BIT_CONVERSION = YES;
				GCC_WARN_ABOUT_RETURN_TYPE = YES_ERROR;
				GCC_WARN_UNDECLARED_SELECTOR = YES;
				GCC_WARN_UNINITIALIZED_AUTOS = YES_AGGRESSIVE;
				GCC_WARN_UNUSED_FUNCTION = YES;
				GCC_WARN_UNUSED_VARIABLE = YES;
				MACOSX_DEPLOYMENT_TARGET = 11.3;
				MTL_ENABLE_DEBUG_INFO = INCLUDE_SOURCE;
				MTL_FAST_MATH = YES;
				ONLY_ACTIVE_ARCH = YES;
				SDKROOT = macosx;
				SWIFT_ACTIVE_COMPILATION_CONDITIONS = DEBUG;
				SWIFT_OPTIMIZATION_LEVEL = "-Onone";
			};
			name = Debug;
		};
		536C302726E9D48E0052F1F1 /* Release */ = {
			isa = XCBuildConfiguration;
			buildSettings = {
				ALWAYS_SEARCH_USER_PATHS = NO;
				CLANG_ANALYZER_NONNULL = YES;
				CLANG_ANALYZER_NUMBER_OBJECT_CONVERSION = YES_AGGRESSIVE;
				CLANG_CXX_LANGUAGE_STANDARD = "gnu++14";
				CLANG_CXX_LIBRARY = "libc++";
				CLANG_ENABLE_MODULES = YES;
				CLANG_ENABLE_OBJC_ARC = YES;
				CLANG_ENABLE_OBJC_WEAK = YES;
				CLANG_WARN_BLOCK_CAPTURE_AUTORELEASING = YES;
				CLANG_WARN_BOOL_CONVERSION = YES;
				CLANG_WARN_COMMA = YES;
				CLANG_WARN_CONSTANT_CONVERSION = YES;
				CLANG_WARN_DEPRECATED_OBJC_IMPLEMENTATIONS = YES;
				CLANG_WARN_DIRECT_OBJC_ISA_USAGE = YES_ERROR;
				CLANG_WARN_DOCUMENTATION_COMMENTS = YES;
				CLANG_WARN_EMPTY_BODY = YES;
				CLANG_WARN_ENUM_CONVERSION = YES;
				CLANG_WARN_INFINITE_RECURSION = YES;
				CLANG_WARN_INT_CONVERSION = YES;
				CLANG_WARN_NON_LITERAL_NULL_CONVERSION = YES;
				CLANG_WARN_OBJC_IMPLICIT_RETAIN_SELF = YES;
				CLANG_WARN_OBJC_LITERAL_CONVERSION = YES;
				CLANG_WARN_OBJC_ROOT_CLASS = YES_ERROR;
				CLANG_WARN_QUOTED_INCLUDE_IN_FRAMEWORK_HEADER = YES;
				CLANG_WARN_RANGE_LOOP_ANALYSIS = YES;
				CLANG_WARN_STRICT_PROTOTYPES = YES;
				CLANG_WARN_SUSPICIOUS_MOVE = YES;
				CLANG_WARN_UNGUARDED_AVAILABILITY = YES_AGGRESSIVE;
				CLANG_WARN_UNREACHABLE_CODE = YES;
				CLANG_WARN__DUPLICATE_METHOD_MATCH = YES;
				COPY_PHASE_STRIP = NO;
				DEBUG_INFORMATION_FORMAT = "dwarf-with-dsym";
				ENABLE_NS_ASSERTIONS = NO;
				ENABLE_STRICT_OBJC_MSGSEND = YES;
				GCC_C_LANGUAGE_STANDARD = gnu11;
				GCC_NO_COMMON_BLOCKS = YES;
				GCC_WARN_64_TO_32_BIT_CONVERSION = YES;
				GCC_WARN_ABOUT_RETURN_TYPE = YES_ERROR;
				GCC_WARN_UNDECLARED_SELECTOR = YES;
				GCC_WARN_UNINITIALIZED_AUTOS = YES_AGGRESSIVE;
				GCC_WARN_UNUSED_FUNCTION = YES;
				GCC_WARN_UNUSED_VARIABLE = YES;
				MACOSX_DEPLOYMENT_TARGET = 11.3;
				MTL_ENABLE_DEBUG_INFO = NO;
				MTL_FAST_MATH = YES;
				SDKROOT = macosx;
				SWIFT_COMPILATION_MODE = wholemodule;
				SWIFT_OPTIMIZATION_LEVEL = "-O";
			};
			name = Release;
		};
		536C302926E9D48E0052F1F1 /* Debug */ = {
			isa = XCBuildConfiguration;
			buildSettings = {
				CODE_SIGN_STYLE = Automatic;
				DEVELOPMENT_TEAM = 5UYBRX8UM9;
				ENABLE_HARDENED_RUNTIME = YES;
				PRODUCT_NAME = "$(TARGET_NAME)";
				SWIFT_VERSION = 5.0;
			};
			name = Debug;
		};
		536C302A26E9D48E0052F1F1 /* Release */ = {
			isa = XCBuildConfiguration;
			buildSettings = {
				CODE_SIGN_STYLE = Automatic;
				DEVELOPMENT_TEAM = 5UYBRX8UM9;
				ENABLE_HARDENED_RUNTIME = YES;
				PRODUCT_NAME = "$(TARGET_NAME)";
				SWIFT_VERSION = 5.0;
			};
			name = Release;
		};
/* End XCBuildConfiguration section */

/* Begin XCConfigurationList section */
		536C301C26E9D48E0052F1F1 /* Build configuration list for PBXProject "DFS&BFS" */ = {
			isa = XCConfigurationList;
			buildConfigurations = (
				536C302626E9D48E0052F1F1 /* Debug */,
				536C302726E9D48E0052F1F1 /* Release */,
			);
			defaultConfigurationIsVisible = 0;
			defaultConfigurationName = Release;
		};
		536C302826E9D48E0052F1F1 /* Build configuration list for PBXNativeTarget "DFS&BFS" */ = {
			isa = XCConfigurationList;
			buildConfigurations = (
				536C302926E9D48E0052F1F1 /* Debug */,
				536C302A26E9D48E0052F1F1 /* Release */,
			);
			defaultConfigurationIsVisible = 0;
			defaultConfigurationName = Release;
		};
/* End XCConfigurationList section */
	};
	rootObject = 536C301926E9D48E0052F1F1 /* Project object */;
}
